// !$*UTF8*$!
{
	archiveVersion = 1;
	classes = {
	};
	objectVersion = 50;
	objects = {

/* Begin PBXBuildFile section */
		59150EE1260427A300215B7C /* CategoryHome.swift in Sources */ = {isa = PBXBuildFile; fileRef = 59150EE0260427A300215B7C /* CategoryHome.swift */; };
		59150EE426042D9100215B7C /* CategoryRow.swift in Sources */ = {isa = PBXBuildFile; fileRef = 59150EE326042D9100215B7C /* CategoryRow.swift */; };
		59150EE726042EEB00215B7C /* CategoryItem.swift in Sources */ = {isa = PBXBuildFile; fileRef = 59150EE626042EEB00215B7C /* CategoryItem.swift */; };
		591A6E7625F5799A00E8607C /* LandmarksApp.swift in Sources */ = {isa = PBXBuildFile; fileRef = 591A6E7525F5799A00E8607C /* LandmarksApp.swift */; };
		591A6E7825F5799A00E8607C /* ContentView.swift in Sources */ = {isa = PBXBuildFile; fileRef = 591A6E7725F5799A00E8607C /* ContentView.swift */; };
		591A6E7A25F5799C00E8607C /* Assets.xcassets in Resources */ = {isa = PBXBuildFile; fileRef = 591A6E7925F5799C00E8607C /* Assets.xcassets */; };
		591A6E7D25F5799C00E8607C /* Preview Assets.xcassets in Resources */ = {isa = PBXBuildFile; fileRef = 591A6E7C25F5799C00E8607C /* Preview Assets.xcassets */; };
		591A6E8625F58AC500E8607C /* CircleImage.swift in Sources */ = {isa = PBXBuildFile; fileRef = 591A6E8525F58AC500E8607C /* CircleImage.swift */; };
		591A6E8A25F58E5A00E8607C /* MapView.swift in Sources */ = {isa = PBXBuildFile; fileRef = 591A6E8925F58E5A00E8607C /* MapView.swift */; };
		591A6E9225F5B75400E8607C /* Landmark.swift in Sources */ = {isa = PBXBuildFile; fileRef = 591A6E9125F5B75400E8607C /* Landmark.swift */; };
		591A6E9525F5B8C900E8607C /* landmarkData.json in Resources */ = {isa = PBXBuildFile; fileRef = 591A6E9425F5B8C900E8607C /* landmarkData.json */; };
		591BC50225F9CA21000AE0F4 /* HexagonParameters.swift in Sources */ = {isa = PBXBuildFile; fileRef = 591BC50125F9CA21000AE0F4 /* HexagonParameters.swift */; };
		591BC50925F9CC45000AE0F4 /* BadgeBackground.swift in Sources */ = {isa = PBXBuildFile; fileRef = 591BC50825F9CC45000AE0F4 /* BadgeBackground.swift */; };
		591BC50C25F9D09D000AE0F4 /* BadgeSymbol.swift in Sources */ = {isa = PBXBuildFile; fileRef = 591BC50B25F9D09D000AE0F4 /* BadgeSymbol.swift */; };
		591BC51025F9D1A7000AE0F4 /* RotatedBadgeSymbol.swift in Sources */ = {isa = PBXBuildFile; fileRef = 591BC50F25F9D1A7000AE0F4 /* RotatedBadgeSymbol.swift */; };
		591BC51425F9D21D000AE0F4 /* Badge.swift in Sources */ = {isa = PBXBuildFile; fileRef = 591BC51325F9D21D000AE0F4 /* Badge.swift */; };
		591F024B25F9C07B00BEEBE8 /* FavoriteButton.swift in Sources */ = {isa = PBXBuildFile; fileRef = 591F024A25F9C07B00BEEBE8 /* FavoriteButton.swift */; };
		5920E46126056D1900B9AE05 /* Profile.swift in Sources */ = {isa = PBXBuildFile; fileRef = 5920E46026056D1900B9AE05 /* Profile.swift */; };
		594E49DD26220F0800CC1882 /* Assets.xcassets in Resources */ = {isa = PBXBuildFile; fileRef = 594E49DC26220F0800CC1882 /* Assets.xcassets */; };
		594E49E426220F0900CC1882 /* WatchLandmarks Extension.appex in Embed App Extensions */ = {isa = PBXBuildFile; fileRef = 594E49E326220F0900CC1882 /* WatchLandmarks Extension.appex */; settings = {ATTRIBUTES = (RemoveHeadersOnCopy, ); }; };
		594E49EB26220F0900CC1882 /* ContentView.swift in Sources */ = {isa = PBXBuildFile; fileRef = 594E49EA26220F0900CC1882 /* ContentView.swift */; };
		594E49ED26220F0900CC1882 /* NotificationController.swift in Sources */ = {isa = PBXBuildFile; fileRef = 594E49EC26220F0900CC1882 /* NotificationController.swift */; };
		594E49EF26220F0900CC1882 /* NotificationView.swift in Sources */ = {isa = PBXBuildFile; fileRef = 594E49EE26220F0900CC1882 /* NotificationView.swift */; };
		594E49F126220F0900CC1882 /* ComplicationController.swift in Sources */ = {isa = PBXBuildFile; fileRef = 594E49F026220F0900CC1882 /* ComplicationController.swift */; };
		594E49F326220F0900CC1882 /* Assets.xcassets in Resources */ = {isa = PBXBuildFile; fileRef = 594E49F226220F0900CC1882 /* Assets.xcassets */; };
		594E49F626220F0900CC1882 /* Preview Assets.xcassets in Resources */ = {isa = PBXBuildFile; fileRef = 594E49F526220F0900CC1882 /* Preview Assets.xcassets */; };
		594E49FB26220F0900CC1882 /* WatchLandmarks.app in Embed Watch Content */ = {isa = PBXBuildFile; fileRef = 594E49DA26220F0800CC1882 /* WatchLandmarks.app */; settings = {ATTRIBUTES = (RemoveHeadersOnCopy, ); }; };
		594E4A0D2622179100CC1882 /* ModelData.swift in Sources */ = {isa = PBXBuildFile; fileRef = 599412D925F5BB2A00558BB6 /* ModelData.swift */; };
		594E4A0E2622179100CC1882 /* Profile.swift in Sources */ = {isa = PBXBuildFile; fileRef = 5920E46026056D1900B9AE05 /* Profile.swift */; };
		594E4A0F2622179100CC1882 /* landmarkData.json in Resources */ = {isa = PBXBuildFile; fileRef = 591A6E9425F5B8C900E8607C /* landmarkData.json */; };
		594E4A102622179100CC1882 /* Hike.swift in Sources */ = {isa = PBXBuildFile; fileRef = 59B2FA922604138400FD770C /* Hike.swift */; };
		594E4A112622179100CC1882 /* MapView.swift in Sources */ = {isa = PBXBuildFile; fileRef = 591A6E8925F58E5A00E8607C /* MapView.swift */; };
		594E4A122622179100CC1882 /* Assets.xcassets in Resources */ = {isa = PBXBuildFile; fileRef = 591A6E7925F5799C00E8607C /* Assets.xcassets */; };
		594E4A132622179100CC1882 /* hikeData.json in Resources */ = {isa = PBXBuildFile; fileRef = 59B2FA8F2604133700FD770C /* hikeData.json */; };
		594E4A142622179100CC1882 /* Landmark.swift in Sources */ = {isa = PBXBuildFile; fileRef = 591A6E9125F5B75400E8607C /* Landmark.swift */; };
		594E4A152622179100CC1882 /* LandmarksApp.swift in Sources */ = {isa = PBXBuildFile; fileRef = 591A6E7525F5799A00E8607C /* LandmarksApp.swift */; };
		594E4A162622179100CC1882 /* CircleImage.swift in Sources */ = {isa = PBXBuildFile; fileRef = 591A6E8525F58AC500E8607C /* CircleImage.swift */; };
		594E4A182622179100CC1882 /* LandmarkRow.swift in Sources */ = {isa = PBXBuildFile; fileRef = 599412DD25F5BC1E00558BB6 /* LandmarkRow.swift */; };
		594E4A1D262218EA00CC1882 /* LandmarkDetail.swift in Sources */ = {isa = PBXBuildFile; fileRef = 594E4A1C262218EA00CC1882 /* LandmarkDetail.swift */; };
		594E4A2D262225A600CC1882 /* ContentView.swift in Sources */ = {isa = PBXBuildFile; fileRef = 594E4A2C262225A600CC1882 /* ContentView.swift */; };
		594E4A2F262225A700CC1882 /* Assets.xcassets in Resources */ = {isa = PBXBuildFile; fileRef = 594E4A2E262225A700CC1882 /* Assets.xcassets */; };
		594E4A32262225A700CC1882 /* Preview Assets.xcassets in Resources */ = {isa = PBXBuildFile; fileRef = 594E4A31262225A700CC1882 /* Preview Assets.xcassets */; };
		594E4A40262226FE00CC1882 /* MapView.swift in Sources */ = {isa = PBXBuildFile; fileRef = 591A6E8925F58E5A00E8607C /* MapView.swift */; };
		594E4A41262226FE00CC1882 /* Profile.swift in Sources */ = {isa = PBXBuildFile; fileRef = 5920E46026056D1900B9AE05 /* Profile.swift */; };
		594E4A42262226FE00CC1882 /* LandmarkRow.swift in Sources */ = {isa = PBXBuildFile; fileRef = 599412DD25F5BC1E00558BB6 /* LandmarkRow.swift */; };
		594E4A43262226FE00CC1882 /* LandmarkList.swift in Sources */ = {isa = PBXBuildFile; fileRef = 599412E025F5BFF900558BB6 /* LandmarkList.swift */; };
		594E4A44262226FE00CC1882 /* CircleImage.swift in Sources */ = {isa = PBXBuildFile; fileRef = 591A6E8525F58AC500E8607C /* CircleImage.swift */; };
		594E4A45262226FE00CC1882 /* Hike.swift in Sources */ = {isa = PBXBuildFile; fileRef = 59B2FA922604138400FD770C /* Hike.swift */; };
		594E4A46262226FE00CC1882 /* ModelData.swift in Sources */ = {isa = PBXBuildFile; fileRef = 599412D925F5BB2A00558BB6 /* ModelData.swift */; };
		594E4A47262226FE00CC1882 /* Assets.xcassets in Resources */ = {isa = PBXBuildFile; fileRef = 591A6E7925F5799C00E8607C /* Assets.xcassets */; };
		594E4A48262226FE00CC1882 /* hikeData.json in Resources */ = {isa = PBXBuildFile; fileRef = 59B2FA8F2604133700FD770C /* hikeData.json */; };
		594E4A49262226FE00CC1882 /* landmarkData.json in Resources */ = {isa = PBXBuildFile; fileRef = 591A6E9425F5B8C900E8607C /* landmarkData.json */; };
		594E4A4A262226FE00CC1882 /* LandmarksApp.swift in Sources */ = {isa = PBXBuildFile; fileRef = 591A6E7525F5799A00E8607C /* LandmarksApp.swift */; };
		594E4A4B262226FE00CC1882 /* Landmark.swift in Sources */ = {isa = PBXBuildFile; fileRef = 591A6E9125F5B75400E8607C /* Landmark.swift */; };
		594E4A4C262226FE00CC1882 /* FavoriteButton.swift in Sources */ = {isa = PBXBuildFile; fileRef = 591F024A25F9C07B00BEEBE8 /* FavoriteButton.swift */; };
		594E4A522622290500CC1882 /* LandmarkDetail.swift in Sources */ = {isa = PBXBuildFile; fileRef = 594E4A512622290500CC1882 /* LandmarkDetail.swift */; };
		594E4A5C262230DA00CC1882 /* LandmarkList.swift in Sources */ = {isa = PBXBuildFile; fileRef = 594E4A5B262230DA00CC1882 /* LandmarkList.swift */; };
		594E4A6A2622387700CC1882 /* LandmarkCommands.swift in Sources */ = {isa = PBXBuildFile; fileRef = 594E4A692622387700CC1882 /* LandmarkCommands.swift */; };
		594E4A6B2622387700CC1882 /* LandmarkCommands.swift in Sources */ = {isa = PBXBuildFile; fileRef = 594E4A692622387700CC1882 /* LandmarkCommands.swift */; };
		594E4A7526223F7300CC1882 /* LandmarkSettings.swift in Sources */ = {isa = PBXBuildFile; fileRef = 594E4A7426223F7300CC1882 /* LandmarkSettings.swift */; };
		5969F5732621E9E900BFAF2D /* PageViewController.swift in Sources */ = {isa = PBXBuildFile; fileRef = 5969F5722621E9E900BFAF2D /* PageViewController.swift */; };
		5969F5782621EC6800BFAF2D /* FeatureCard.swift in Sources */ = {isa = PBXBuildFile; fileRef = 5969F5772621EC6800BFAF2D /* FeatureCard.swift */; };
		5969F57B2621F07600BFAF2D /* PageView.swift in Sources */ = {isa = PBXBuildFile; fileRef = 5969F57A2621F07600BFAF2D /* PageView.swift */; };
		5969F57E2621F77D00BFAF2D /* PageControl.swift in Sources */ = {isa = PBXBuildFile; fileRef = 5969F57D2621F77D00BFAF2D /* PageControl.swift */; };
		5980676B26056EDB00885A7D /* ProfileHost.swift in Sources */ = {isa = PBXBuildFile; fileRef = 5980676A26056EDB00885A7D /* ProfileHost.swift */; };
		599412DA25F5BB2A00558BB6 /* ModelData.swift in Sources */ = {isa = PBXBuildFile; fileRef = 599412D925F5BB2A00558BB6 /* ModelData.swift */; };
		599412DE25F5BC1E00558BB6 /* LandmarkRow.swift in Sources */ = {isa = PBXBuildFile; fileRef = 599412DD25F5BC1E00558BB6 /* LandmarkRow.swift */; };
		599412E125F5BFF900558BB6 /* LandmarkList.swift in Sources */ = {isa = PBXBuildFile; fileRef = 599412E025F5BFF900558BB6 /* LandmarkList.swift */; };
		599412E525F5C3B900558BB6 /* LandmarkDetail.swift in Sources */ = {isa = PBXBuildFile; fileRef = 599412E425F5C3B900558BB6 /* LandmarkDetail.swift */; };
		599DBA6D2605792C002B682F /* ProfileEditor.swift in Sources */ = {isa = PBXBuildFile; fileRef = 599DBA6C2605792C002B682F /* ProfileEditor.swift */; };
		59B2FA902604133700FD770C /* hikeData.json in Resources */ = {isa = PBXBuildFile; fileRef = 59B2FA8F2604133700FD770C /* hikeData.json */; };
		59B2FA932604138400FD770C /* Hike.swift in Sources */ = {isa = PBXBuildFile; fileRef = 59B2FA922604138400FD770C /* Hike.swift */; };
		59B2FA9D2604154700FD770C /* GraphCapsule.swift in Sources */ = {isa = PBXBuildFile; fileRef = 59B2FA992604154700FD770C /* GraphCapsule.swift */; };
		59B2FA9E2604154700FD770C /* HikeView.swift in Sources */ = {isa = PBXBuildFile; fileRef = 59B2FA9A2604154700FD770C /* HikeView.swift */; };
		59B2FA9F2604154700FD770C /* HikeGraph.swift in Sources */ = {isa = PBXBuildFile; fileRef = 59B2FA9B2604154700FD770C /* HikeGraph.swift */; };
		59B2FAA02604154700FD770C /* HikeDetail.swift in Sources */ = {isa = PBXBuildFile; fileRef = 59B2FA9C2604154700FD770C /* HikeDetail.swift */; };
		59E132B72605718800B2C611 /* ProfileSummary.swift in Sources */ = {isa = PBXBuildFile; fileRef = 59E132B62605718800B2C611 /* ProfileSummary.swift */; };
		59E132BA2605722B00B2C611 /* HikeBadge.swift in Sources */ = {isa = PBXBuildFile; fileRef = 59E132B92605722B00B2C611 /* HikeBadge.swift */; };
/* End PBXBuildFile section */

/* Begin PBXContainerItemProxy section */
		594E49E526220F0900CC1882 /* PBXContainerItemProxy */ = {
			isa = PBXContainerItemProxy;
			containerPortal = 591A6E6A25F5799A00E8607C /* Project object */;
			proxyType = 1;
			remoteGlobalIDString = 594E49E226220F0900CC1882;
			remoteInfo = "WatchLandmarks Extension";
		};
		594E49F926220F0900CC1882 /* PBXContainerItemProxy */ = {
			isa = PBXContainerItemProxy;
			containerPortal = 591A6E6A25F5799A00E8607C /* Project object */;
			proxyType = 1;
			remoteGlobalIDString = 594E49D926220F0800CC1882;
			remoteInfo = WatchLandmarks;
		};
/* End PBXContainerItemProxy section */

/* Begin PBXCopyFilesBuildPhase section */
		594E49FC26220F0900CC1882 /* Embed Watch Content */ = {
			isa = PBXCopyFilesBuildPhase;
			buildActionMask = 2147483647;
			dstPath = "$(CONTENTS_FOLDER_PATH)/Watch";
			dstSubfolderSpec = 16;
			files = (
				594E49FB26220F0900CC1882 /* WatchLandmarks.app in Embed Watch Content */,
			);
			name = "Embed Watch Content";
			runOnlyForDeploymentPostprocessing = 0;
		};
		594E49FF26220F0900CC1882 /* Embed App Extensions */ = {
			isa = PBXCopyFilesBuildPhase;
			buildActionMask = 2147483647;
			dstPath = "";
			dstSubfolderSpec = 13;
			files = (
				594E49E426220F0900CC1882 /* WatchLandmarks Extension.appex in Embed App Extensions */,
			);
			name = "Embed App Extensions";
			runOnlyForDeploymentPostprocessing = 0;
		};
/* End PBXCopyFilesBuildPhase section */

/* Begin PBXFileReference section */
		59150EE0260427A300215B7C /* CategoryHome.swift */ = {isa = PBXFileReference; lastKnownFileType = sourcecode.swift; path = CategoryHome.swift; sourceTree = "<group>"; };
		59150EE326042D9100215B7C /* CategoryRow.swift */ = {isa = PBXFileReference; lastKnownFileType = sourcecode.swift; path = CategoryRow.swift; sourceTree = "<group>"; };
		59150EE626042EEB00215B7C /* CategoryItem.swift */ = {isa = PBXFileReference; lastKnownFileType = sourcecode.swift; path = CategoryItem.swift; sourceTree = "<group>"; };
		591A6E7225F5799A00E8607C /* Landmarks.app */ = {isa = PBXFileReference; explicitFileType = wrapper.application; includeInIndex = 0; path = Landmarks.app; sourceTree = BUILT_PRODUCTS_DIR; };
		591A6E7525F5799A00E8607C /* LandmarksApp.swift */ = {isa = PBXFileReference; lastKnownFileType = sourcecode.swift; path = LandmarksApp.swift; sourceTree = "<group>"; };
		591A6E7725F5799A00E8607C /* ContentView.swift */ = {isa = PBXFileReference; lastKnownFileType = sourcecode.swift; path = ContentView.swift; sourceTree = "<group>"; };
		591A6E7925F5799C00E8607C /* Assets.xcassets */ = {isa = PBXFileReference; lastKnownFileType = folder.assetcatalog; path = Assets.xcassets; sourceTree = "<group>"; };
		591A6E7C25F5799C00E8607C /* Preview Assets.xcassets */ = {isa = PBXFileReference; lastKnownFileType = folder.assetcatalog; path = "Preview Assets.xcassets"; sourceTree = "<group>"; };
		591A6E7E25F5799C00E8607C /* Info.plist */ = {isa = PBXFileReference; lastKnownFileType = text.plist.xml; path = Info.plist; sourceTree = "<group>"; };
		591A6E8525F58AC500E8607C /* CircleImage.swift */ = {isa = PBXFileReference; lastKnownFileType = sourcecode.swift; path = CircleImage.swift; sourceTree = "<group>"; };
		591A6E8925F58E5A00E8607C /* MapView.swift */ = {isa = PBXFileReference; lastKnownFileType = sourcecode.swift; path = MapView.swift; sourceTree = "<group>"; };
		591A6E9125F5B75400E8607C /* Landmark.swift */ = {isa = PBXFileReference; lastKnownFileType = sourcecode.swift; path = Landmark.swift; sourceTree = "<group>"; };
		591A6E9425F5B8C900E8607C /* landmarkData.json */ = {isa = PBXFileReference; fileEncoding = 4; lastKnownFileType = text.json; path = landmarkData.json; sourceTree = "<group>"; };
		591BC50125F9CA21000AE0F4 /* HexagonParameters.swift */ = {isa = PBXFileReference; lastKnownFileType = sourcecode.swift; path = HexagonParameters.swift; sourceTree = "<group>"; };
		591BC50825F9CC45000AE0F4 /* BadgeBackground.swift */ = {isa = PBXFileReference; lastKnownFileType = sourcecode.swift; path = BadgeBackground.swift; sourceTree = "<group>"; };
		591BC50B25F9D09D000AE0F4 /* BadgeSymbol.swift */ = {isa = PBXFileReference; lastKnownFileType = sourcecode.swift; path = BadgeSymbol.swift; sourceTree = "<group>"; };
		591BC50F25F9D1A7000AE0F4 /* RotatedBadgeSymbol.swift */ = {isa = PBXFileReference; lastKnownFileType = sourcecode.swift; path = RotatedBadgeSymbol.swift; sourceTree = "<group>"; };
		591BC51325F9D21D000AE0F4 /* Badge.swift */ = {isa = PBXFileReference; lastKnownFileType = sourcecode.swift; path = Badge.swift; sourceTree = "<group>"; };
		591F024A25F9C07B00BEEBE8 /* FavoriteButton.swift */ = {isa = PBXFileReference; lastKnownFileType = sourcecode.swift; path = FavoriteButton.swift; sourceTree = "<group>"; };
		5920E46026056D1900B9AE05 /* Profile.swift */ = {isa = PBXFileReference; lastKnownFileType = sourcecode.swift; path = Profile.swift; sourceTree = "<group>"; };
		594E49DA26220F0800CC1882 /* WatchLandmarks.app */ = {isa = PBXFileReference; explicitFileType = wrapper.application; includeInIndex = 0; path = WatchLandmarks.app; sourceTree = BUILT_PRODUCTS_DIR; };
		594E49DC26220F0800CC1882 /* Assets.xcassets */ = {isa = PBXFileReference; lastKnownFileType = folder.assetcatalog; path = Assets.xcassets; sourceTree = "<group>"; };
		594E49DE26220F0800CC1882 /* Info.plist */ = {isa = PBXFileReference; lastKnownFileType = text.plist.xml; path = Info.plist; sourceTree = "<group>"; };
		594E49E326220F0900CC1882 /* WatchLandmarks Extension.appex */ = {isa = PBXFileReference; explicitFileType = "wrapper.app-extension"; includeInIndex = 0; path = "WatchLandmarks Extension.appex"; sourceTree = BUILT_PRODUCTS_DIR; };
		594E49EA26220F0900CC1882 /* ContentView.swift */ = {isa = PBXFileReference; lastKnownFileType = sourcecode.swift; path = ContentView.swift; sourceTree = "<group>"; };
		594E49EC26220F0900CC1882 /* NotificationController.swift */ = {isa = PBXFileReference; lastKnownFileType = sourcecode.swift; path = NotificationController.swift; sourceTree = "<group>"; };
		594E49EE26220F0900CC1882 /* NotificationView.swift */ = {isa = PBXFileReference; lastKnownFileType = sourcecode.swift; path = NotificationView.swift; sourceTree = "<group>"; };
		594E49F026220F0900CC1882 /* ComplicationController.swift */ = {isa = PBXFileReference; lastKnownFileType = sourcecode.swift; path = ComplicationController.swift; sourceTree = "<group>"; };
		594E49F226220F0900CC1882 /* Assets.xcassets */ = {isa = PBXFileReference; lastKnownFileType = folder.assetcatalog; path = Assets.xcassets; sourceTree = "<group>"; };
		594E49F526220F0900CC1882 /* Preview Assets.xcassets */ = {isa = PBXFileReference; lastKnownFileType = folder.assetcatalog; path = "Preview Assets.xcassets"; sourceTree = "<group>"; };
		594E49F726220F0900CC1882 /* Info.plist */ = {isa = PBXFileReference; lastKnownFileType = text.plist.xml; path = Info.plist; sourceTree = "<group>"; };
		594E49F826220F0900CC1882 /* PushNotificationPayload.apns */ = {isa = PBXFileReference; lastKnownFileType = text; path = PushNotificationPayload.apns; sourceTree = "<group>"; };
		594E4A1C262218EA00CC1882 /* LandmarkDetail.swift */ = {isa = PBXFileReference; lastKnownFileType = sourcecode.swift; path = LandmarkDetail.swift; sourceTree = "<group>"; };
		594E4A28262225A600CC1882 /* MacLandmarks.app */ = {isa = PBXFileReference; explicitFileType = wrapper.application; includeInIndex = 0; path = MacLandmarks.app; sourceTree = BUILT_PRODUCTS_DIR; };
		594E4A2C262225A600CC1882 /* ContentView.swift */ = {isa = PBXFileReference; lastKnownFileType = sourcecode.swift; path = ContentView.swift; sourceTree = "<group>"; };
		594E4A2E262225A700CC1882 /* Assets.xcassets */ = {isa = PBXFileReference; lastKnownFileType = folder.assetcatalog; path = Assets.xcassets; sourceTree = "<group>"; };
		594E4A31262225A700CC1882 /* Preview Assets.xcassets */ = {isa = PBXFileReference; lastKnownFileType = folder.assetcatalog; path = "Preview Assets.xcassets"; sourceTree = "<group>"; };
		594E4A33262225A700CC1882 /* Info.plist */ = {isa = PBXFileReference; lastKnownFileType = text.plist.xml; path = Info.plist; sourceTree = "<group>"; };
		594E4A34262225A700CC1882 /* MacLandmarks.entitlements */ = {isa = PBXFileReference; lastKnownFileType = text.plist.entitlements; path = MacLandmarks.entitlements; sourceTree = "<group>"; };
		594E4A512622290500CC1882 /* LandmarkDetail.swift */ = {isa = PBXFileReference; lastKnownFileType = sourcecode.swift; path = LandmarkDetail.swift; sourceTree = "<group>"; };
		594E4A5B262230DA00CC1882 /* LandmarkList.swift */ = {isa = PBXFileReference; lastKnownFileType = sourcecode.swift; path = LandmarkList.swift; sourceTree = "<group>"; };
		594E4A692622387700CC1882 /* LandmarkCommands.swift */ = {isa = PBXFileReference; lastKnownFileType = sourcecode.swift; path = LandmarkCommands.swift; sourceTree = "<group>"; };
		594E4A7426223F7300CC1882 /* LandmarkSettings.swift */ = {isa = PBXFileReference; lastKnownFileType = sourcecode.swift; path = LandmarkSettings.swift; sourceTree = "<group>"; };
		5969F5722621E9E900BFAF2D /* PageViewController.swift */ = {isa = PBXFileReference; lastKnownFileType = sourcecode.swift; path = PageViewController.swift; sourceTree = "<group>"; };
		5969F5772621EC6800BFAF2D /* FeatureCard.swift */ = {isa = PBXFileReference; lastKnownFileType = sourcecode.swift; path = FeatureCard.swift; sourceTree = "<group>"; };
		5969F57A2621F07600BFAF2D /* PageView.swift */ = {isa = PBXFileReference; lastKnownFileType = sourcecode.swift; path = PageView.swift; sourceTree = "<group>"; };
		5969F57D2621F77D00BFAF2D /* PageControl.swift */ = {isa = PBXFileReference; lastKnownFileType = sourcecode.swift; path = PageControl.swift; sourceTree = "<group>"; };
		5980676A26056EDB00885A7D /* ProfileHost.swift */ = {isa = PBXFileReference; lastKnownFileType = sourcecode.swift; path = ProfileHost.swift; sourceTree = "<group>"; };
		599412D925F5BB2A00558BB6 /* ModelData.swift */ = {isa = PBXFileReference; lastKnownFileType = sourcecode.swift; path = ModelData.swift; sourceTree = "<group>"; };
		599412DD25F5BC1E00558BB6 /* LandmarkRow.swift */ = {isa = PBXFileReference; lastKnownFileType = sourcecode.swift; path = LandmarkRow.swift; sourceTree = "<group>"; };
		599412E025F5BFF900558BB6 /* LandmarkList.swift */ = {isa = PBXFileReference; lastKnownFileType = sourcecode.swift; path = LandmarkList.swift; sourceTree = "<group>"; };
		599412E425F5C3B900558BB6 /* LandmarkDetail.swift */ = {isa = PBXFileReference; lastKnownFileType = sourcecode.swift; path = LandmarkDetail.swift; sourceTree = "<group>"; };
		599DBA6C2605792C002B682F /* ProfileEditor.swift */ = {isa = PBXFileReference; lastKnownFileType = sourcecode.swift; path = ProfileEditor.swift; sourceTree = "<group>"; };
		59B2FA8F2604133700FD770C /* hikeData.json */ = {isa = PBXFileReference; fileEncoding = 4; lastKnownFileType = text.json; path = hikeData.json; sourceTree = "<group>"; };
		59B2FA922604138400FD770C /* Hike.swift */ = {isa = PBXFileReference; lastKnownFileType = sourcecode.swift; path = Hike.swift; sourceTree = "<group>"; };
		59B2FA992604154700FD770C /* GraphCapsule.swift */ = {isa = PBXFileReference; fileEncoding = 4; lastKnownFileType = sourcecode.swift; path = GraphCapsule.swift; sourceTree = "<group>"; };
		59B2FA9A2604154700FD770C /* HikeView.swift */ = {isa = PBXFileReference; fileEncoding = 4; lastKnownFileType = sourcecode.swift; path = HikeView.swift; sourceTree = "<group>"; };
		59B2FA9B2604154700FD770C /* HikeGraph.swift */ = {isa = PBXFileReference; fileEncoding = 4; lastKnownFileType = sourcecode.swift; path = HikeGraph.swift; sourceTree = "<group>"; };
		59B2FA9C2604154700FD770C /* HikeDetail.swift */ = {isa = PBXFileReference; fileEncoding = 4; lastKnownFileType = sourcecode.swift; path = HikeDetail.swift; sourceTree = "<group>"; };
		59E132B62605718800B2C611 /* ProfileSummary.swift */ = {isa = PBXFileReference; lastKnownFileType = sourcecode.swift; path = ProfileSummary.swift; sourceTree = "<group>"; };
		59E132B92605722B00B2C611 /* HikeBadge.swift */ = {isa = PBXFileReference; lastKnownFileType = sourcecode.swift; path = HikeBadge.swift; sourceTree = "<group>"; };
/* End PBXFileReference section */

/* Begin PBXFrameworksBuildPhase section */
		591A6E6F25F5799A00E8607C /* Frameworks */ = {
			isa = PBXFrameworksBuildPhase;
			buildActionMask = 2147483647;
			files = (
			);
			runOnlyForDeploymentPostprocessing = 0;
		};
		594E49E026220F0900CC1882 /* Frameworks */ = {
			isa = PBXFrameworksBuildPhase;
			buildActionMask = 2147483647;
			files = (
			);
			runOnlyForDeploymentPostprocessing = 0;
		};
		594E4A25262225A600CC1882 /* Frameworks */ = {
			isa = PBXFrameworksBuildPhase;
			buildActionMask = 2147483647;
			files = (
			);
			runOnlyForDeploymentPostprocessing = 0;
		};
/* End PBXFrameworksBuildPhase section */

/* Begin PBXGroup section */
		59150EDF2604278400215B7C /* Categories */ = {
			isa = PBXGroup;
			children = (
				59150EE0260427A300215B7C /* CategoryHome.swift */,
				59150EE326042D9100215B7C /* CategoryRow.swift */,
				59150EE626042EEB00215B7C /* CategoryItem.swift */,
			);
			path = Categories;
			sourceTree = "<group>";
		};
		591A6E6925F5799A00E8607C = {
			isa = PBXGroup;
			children = (
				591A6E7425F5799A00E8607C /* Landmarks */,
				594E49DB26220F0800CC1882 /* WatchLandmarks */,
				594E49E726220F0900CC1882 /* WatchLandmarks Extension */,
				594E4A29262225A600CC1882 /* MacLandmarks */,
				591A6E7325F5799A00E8607C /* Products */,
			);
			sourceTree = "<group>";
		};
		591A6E7325F5799A00E8607C /* Products */ = {
			isa = PBXGroup;
			children = (
				591A6E7225F5799A00E8607C /* Landmarks.app */,
				594E49DA26220F0800CC1882 /* WatchLandmarks.app */,
				594E49E326220F0900CC1882 /* WatchLandmarks Extension.appex */,
				594E4A28262225A600CC1882 /* MacLandmarks.app */,
			);
			name = Products;
			sourceTree = "<group>";
		};
		591A6E7425F5799A00E8607C /* Landmarks */ = {
			isa = PBXGroup;
			children = (
				5976590225F5D1E300F8A974 /* Model */,
				599412DC25F5BB8800558BB6 /* View */,
				591A6E7525F5799A00E8607C /* LandmarksApp.swift */,
				591A6E7925F5799C00E8607C /* Assets.xcassets */,
				591A6E7E25F5799C00E8607C /* Info.plist */,
				591A6E7B25F5799C00E8607C /* Preview Content */,
			);
			path = Landmarks;
			sourceTree = "<group>";
		};
		591A6E7B25F5799C00E8607C /* Preview Content */ = {
			isa = PBXGroup;
			children = (
				591A6E7C25F5799C00E8607C /* Preview Assets.xcassets */,
			);
			path = "Preview Content";
			sourceTree = "<group>";
		};
		591BC51625F9D2F1000AE0F4 /* Badges */ = {
			isa = PBXGroup;
			children = (
				591BC50F25F9D1A7000AE0F4 /* RotatedBadgeSymbol.swift */,
				591BC50B25F9D09D000AE0F4 /* BadgeSymbol.swift */,
				591BC50825F9CC45000AE0F4 /* BadgeBackground.swift */,
				591BC51325F9D21D000AE0F4 /* Badge.swift */,
				591BC50125F9CA21000AE0F4 /* HexagonParameters.swift */,
			);
			path = Badges;
			sourceTree = "<group>";
		};
		591F024D25F9C10A00BEEBE8 /* Helpers */ = {
			isa = PBXGroup;
			children = (
				591F024A25F9C07B00BEEBE8 /* FavoriteButton.swift */,
				591A6E8525F58AC500E8607C /* CircleImage.swift */,
				591A6E8925F58E5A00E8607C /* MapView.swift */,
			);
			path = Helpers;
			sourceTree = "<group>";
		};
		591F024E25F9C16700BEEBE8 /* Landmarks */ = {
			isa = PBXGroup;
			children = (
				599412DD25F5BC1E00558BB6 /* LandmarkRow.swift */,
				599412E425F5C3B900558BB6 /* LandmarkDetail.swift */,
				599412E025F5BFF900558BB6 /* LandmarkList.swift */,
			);
			path = Landmarks;
			sourceTree = "<group>";
		};
		594E49DB26220F0800CC1882 /* WatchLandmarks */ = {
			isa = PBXGroup;
			children = (
				594E49DC26220F0800CC1882 /* Assets.xcassets */,
				594E49DE26220F0800CC1882 /* Info.plist */,
			);
			path = WatchLandmarks;
			sourceTree = "<group>";
		};
		594E49E726220F0900CC1882 /* WatchLandmarks Extension */ = {
			isa = PBXGroup;
			children = (
				594E4A5B262230DA00CC1882 /* LandmarkList.swift */,
				594E4A1C262218EA00CC1882 /* LandmarkDetail.swift */,
				594E49EA26220F0900CC1882 /* ContentView.swift */,
				594E49EC26220F0900CC1882 /* NotificationController.swift */,
				594E49EE26220F0900CC1882 /* NotificationView.swift */,
				594E49F026220F0900CC1882 /* ComplicationController.swift */,
				594E49F226220F0900CC1882 /* Assets.xcassets */,
				594E49F726220F0900CC1882 /* Info.plist */,
				594E49F826220F0900CC1882 /* PushNotificationPayload.apns */,
				594E49F426220F0900CC1882 /* Preview Content */,
			);
			path = "WatchLandmarks Extension";
			sourceTree = "<group>";
		};
		594E49F426220F0900CC1882 /* Preview Content */ = {
			isa = PBXGroup;
			children = (
				594E49F526220F0900CC1882 /* Preview Assets.xcassets */,
			);
			path = "Preview Content";
			sourceTree = "<group>";
		};
		594E4A29262225A600CC1882 /* MacLandmarks */ = {
			isa = PBXGroup;
			children = (
				594E4A7426223F7300CC1882 /* LandmarkSettings.swift */,
				594E4A692622387700CC1882 /* LandmarkCommands.swift */,
				594E4A512622290500CC1882 /* LandmarkDetail.swift */,
				594E4A2C262225A600CC1882 /* ContentView.swift */,
				594E4A2E262225A700CC1882 /* Assets.xcassets */,
				594E4A33262225A700CC1882 /* Info.plist */,
				594E4A34262225A700CC1882 /* MacLandmarks.entitlements */,
				594E4A30262225A700CC1882 /* Preview Content */,
			);
			path = MacLandmarks;
			sourceTree = "<group>";
		};
		594E4A30262225A700CC1882 /* Preview Content */ = {
			isa = PBXGroup;
			children = (
				594E4A31262225A700CC1882 /* Preview Assets.xcassets */,
			);
			path = "Preview Content";
			sourceTree = "<group>";
		};
		5969F5712621E9D200BFAF2D /* PageView */ = {
			isa = PBXGroup;
			children = (
				5969F5722621E9E900BFAF2D /* PageViewController.swift */,
				5969F5772621EC6800BFAF2D /* FeatureCard.swift */,
				5969F57A2621F07600BFAF2D /* PageView.swift */,
				5969F57D2621F77D00BFAF2D /* PageControl.swift */,
			);
			path = PageView;
			sourceTree = "<group>";
		};
		5976590225F5D1E300F8A974 /* Model */ = {
			isa = PBXGroup;
			children = (
				591A6E9425F5B8C900E8607C /* landmarkData.json */,
				59B2FA8F2604133700FD770C /* hikeData.json */,
				591A6E9125F5B75400E8607C /* Landmark.swift */,
				599412D925F5BB2A00558BB6 /* ModelData.swift */,
				59B2FA922604138400FD770C /* Hike.swift */,
				5920E46026056D1900B9AE05 /* Profile.swift */,
			);
			path = Model;
			sourceTree = "<group>";
		};
		5980676926056EB500885A7D /* Profile */ = {
			isa = PBXGroup;
			children = (
				5980676A26056EDB00885A7D /* ProfileHost.swift */,
				59E132B62605718800B2C611 /* ProfileSummary.swift */,
				599DBA6C2605792C002B682F /* ProfileEditor.swift */,
			);
			path = Profile;
			sourceTree = "<group>";
		};
		599412DC25F5BB8800558BB6 /* View */ = {
			isa = PBXGroup;
			children = (
				591A6E7725F5799A00E8607C /* ContentView.swift */,
				5980676926056EB500885A7D /* Profile */,
				59150EDF2604278400215B7C /* Categories */,
				59B2FA982604153A00FD770C /* Hikes */,
				591BC51625F9D2F1000AE0F4 /* Badges */,
				591F024D25F9C10A00BEEBE8 /* Helpers */,
				591F024E25F9C16700BEEBE8 /* Landmarks */,
				5969F5712621E9D200BFAF2D /* PageView */,
			);
			path = View;
			sourceTree = "<group>";
		};
		59B2FA982604153A00FD770C /* Hikes */ = {
			isa = PBXGroup;
			children = (
				59B2FA992604154700FD770C /* GraphCapsule.swift */,
				59B2FA9C2604154700FD770C /* HikeDetail.swift */,
				59B2FA9B2604154700FD770C /* HikeGraph.swift */,
				59B2FA9A2604154700FD770C /* HikeView.swift */,
				59E132B92605722B00B2C611 /* HikeBadge.swift */,
			);
			path = Hikes;
			sourceTree = "<group>";
		};
/* End PBXGroup section */

/* Begin PBXNativeTarget section */
		591A6E7125F5799A00E8607C /* Landmarks */ = {
			isa = PBXNativeTarget;
			buildConfigurationList = 591A6E8125F5799C00E8607C /* Build configuration list for PBXNativeTarget "Landmarks" */;
			buildPhases = (
				591A6E6E25F5799A00E8607C /* Sources */,
				591A6E6F25F5799A00E8607C /* Frameworks */,
				591A6E7025F5799A00E8607C /* Resources */,
				594E49FC26220F0900CC1882 /* Embed Watch Content */,
			);
			buildRules = (
			);
			dependencies = (
				594E49FA26220F0900CC1882 /* PBXTargetDependency */,
			);
			name = Landmarks;
			productName = Landmarks;
			productReference = 591A6E7225F5799A00E8607C /* Landmarks.app */;
			productType = "com.apple.product-type.application";
		};
		594E49D926220F0800CC1882 /* WatchLandmarks */ = {
			isa = PBXNativeTarget;
			buildConfigurationList = 594E4A0326220F0900CC1882 /* Build configuration list for PBXNativeTarget "WatchLandmarks" */;
			buildPhases = (
				594E49D826220F0800CC1882 /* Resources */,
				594E49FF26220F0900CC1882 /* Embed App Extensions */,
			);
			buildRules = (
			);
			dependencies = (
				594E49E626220F0900CC1882 /* PBXTargetDependency */,
			);
			name = WatchLandmarks;
			productName = WatchLandmarks;
			productReference = 594E49DA26220F0800CC1882 /* WatchLandmarks.app */;
			productType = "com.apple.product-type.application.watchapp2";
		};
		594E49E226220F0900CC1882 /* WatchLandmarks Extension */ = {
			isa = PBXNativeTarget;
			buildConfigurationList = 594E4A0226220F0900CC1882 /* Build configuration list for PBXNativeTarget "WatchLandmarks Extension" */;
			buildPhases = (
				594E49DF26220F0900CC1882 /* Sources */,
				594E49E026220F0900CC1882 /* Frameworks */,
				594E49E126220F0900CC1882 /* Resources */,
			);
			buildRules = (
			);
			dependencies = (
			);
			name = "WatchLandmarks Extension";
			productName = "WatchLandmarks Extension";
			productReference = 594E49E326220F0900CC1882 /* WatchLandmarks Extension.appex */;
			productType = "com.apple.product-type.watchkit2-extension";
		};
		594E4A27262225A600CC1882 /* MacLandmarks */ = {
			isa = PBXNativeTarget;
			buildConfigurationList = 594E4A35262225A700CC1882 /* Build configuration list for PBXNativeTarget "MacLandmarks" */;
			buildPhases = (
				594E4A24262225A600CC1882 /* Sources */,
				594E4A25262225A600CC1882 /* Frameworks */,
				594E4A26262225A600CC1882 /* Resources */,
			);
			buildRules = (
			);
			dependencies = (
			);
			name = MacLandmarks;
			productName = MacLandmarks;
			productReference = 594E4A28262225A600CC1882 /* MacLandmarks.app */;
			productType = "com.apple.product-type.application";
		};
/* End PBXNativeTarget section */

/* Begin PBXProject section */
		591A6E6A25F5799A00E8607C /* Project object */ = {
			isa = PBXProject;
			attributes = {
				LastSwiftUpdateCheck = 1240;
				LastUpgradeCheck = 1240;
				TargetAttributes = {
					591A6E7125F5799A00E8607C = {
						CreatedOnToolsVersion = 12.4;
					};
					594E49D926220F0800CC1882 = {
						CreatedOnToolsVersion = 12.4;
					};
					594E49E226220F0900CC1882 = {
						CreatedOnToolsVersion = 12.4;
					};
					594E4A27262225A600CC1882 = {
						CreatedOnToolsVersion = 12.4;
					};
				};
			};
			buildConfigurationList = 591A6E6D25F5799A00E8607C /* Build configuration list for PBXProject "Landmarks" */;
			compatibilityVersion = "Xcode 9.3";
			developmentRegion = en;
			hasScannedForEncodings = 0;
			knownRegions = (
				en,
				Base,
			);
			mainGroup = 591A6E6925F5799A00E8607C;
			productRefGroup = 591A6E7325F5799A00E8607C /* Products */;
			projectDirPath = "";
			projectRoot = "";
			targets = (
				591A6E7125F5799A00E8607C /* Landmarks */,
				594E49D926220F0800CC1882 /* WatchLandmarks */,
				594E49E226220F0900CC1882 /* WatchLandmarks Extension */,
				594E4A27262225A600CC1882 /* MacLandmarks */,
			);
		};
/* End PBXProject section */

/* Begin PBXResourcesBuildPhase section */
		591A6E7025F5799A00E8607C /* Resources */ = {
			isa = PBXResourcesBuildPhase;
			buildActionMask = 2147483647;
			files = (
				59B2FA902604133700FD770C /* hikeData.json in Resources */,
				591A6E7D25F5799C00E8607C /* Preview Assets.xcassets in Resources */,
				591A6E7A25F5799C00E8607C /* Assets.xcassets in Resources */,
				591A6E9525F5B8C900E8607C /* landmarkData.json in Resources */,
			);
			runOnlyForDeploymentPostprocessing = 0;
		};
		594E49D826220F0800CC1882 /* Resources */ = {
			isa = PBXResourcesBuildPhase;
			buildActionMask = 2147483647;
			files = (
				594E49DD26220F0800CC1882 /* Assets.xcassets in Resources */,
			);
			runOnlyForDeploymentPostprocessing = 0;
		};
		594E49E126220F0900CC1882 /* Resources */ = {
			isa = PBXResourcesBuildPhase;
			buildActionMask = 2147483647;
			files = (
				594E49F626220F0900CC1882 /* Preview Assets.xcassets in Resources */,
				594E49F326220F0900CC1882 /* Assets.xcassets in Resources */,
				594E4A122622179100CC1882 /* Assets.xcassets in Resources */,
				594E4A0F2622179100CC1882 /* landmarkData.json in Resources */,
				594E4A132622179100CC1882 /* hikeData.json in Resources */,
			);
			runOnlyForDeploymentPostprocessing = 0;
		};
		594E4A26262225A600CC1882 /* Resources */ = {
			isa = PBXResourcesBuildPhase;
			buildActionMask = 2147483647;
			files = (
				594E4A48262226FE00CC1882 /* hikeData.json in Resources */,
				594E4A32262225A700CC1882 /* Preview Assets.xcassets in Resources */,
				594E4A47262226FE00CC1882 /* Assets.xcassets in Resources */,
				594E4A49262226FE00CC1882 /* landmarkData.json in Resources */,
				594E4A2F262225A700CC1882 /* Assets.xcassets in Resources */,
			);
			runOnlyForDeploymentPostprocessing = 0;
		};
/* End PBXResourcesBuildPhase section */

/* Begin PBXSourcesBuildPhase section */
		591A6E6E25F5799A00E8607C /* Sources */ = {
			isa = PBXSourcesBuildPhase;
			buildActionMask = 2147483647;
			files = (
				59150EE426042D9100215B7C /* CategoryRow.swift in Sources */,
				5920E46126056D1900B9AE05 /* Profile.swift in Sources */,
				594E4A6A2622387700CC1882 /* LandmarkCommands.swift in Sources */,
				591A6E7825F5799A00E8607C /* ContentView.swift in Sources */,
				59150EE1260427A300215B7C /* CategoryHome.swift in Sources */,
				5969F5782621EC6800BFAF2D /* FeatureCard.swift in Sources */,
				591BC51425F9D21D000AE0F4 /* Badge.swift in Sources */,
				591A6E8A25F58E5A00E8607C /* MapView.swift in Sources */,
				59B2FA9D2604154700FD770C /* GraphCapsule.swift in Sources */,
				59B2FA9F2604154700FD770C /* HikeGraph.swift in Sources */,
				591A6E7625F5799A00E8607C /* LandmarksApp.swift in Sources */,
				5969F57E2621F77D00BFAF2D /* PageControl.swift in Sources */,
				591F024B25F9C07B00BEEBE8 /* FavoriteButton.swift in Sources */,
				59150EE726042EEB00215B7C /* CategoryItem.swift in Sources */,
				591BC50225F9CA21000AE0F4 /* HexagonParameters.swift in Sources */,
				59E132B72605718800B2C611 /* ProfileSummary.swift in Sources */,
				59B2FA932604138400FD770C /* Hike.swift in Sources */,
				5980676B26056EDB00885A7D /* ProfileHost.swift in Sources */,
				591BC51025F9D1A7000AE0F4 /* RotatedBadgeSymbol.swift in Sources */,
				591BC50C25F9D09D000AE0F4 /* BadgeSymbol.swift in Sources */,
				5969F57B2621F07600BFAF2D /* PageView.swift in Sources */,
				599412E125F5BFF900558BB6 /* LandmarkList.swift in Sources */,
				599DBA6D2605792C002B682F /* ProfileEditor.swift in Sources */,
				599412E525F5C3B900558BB6 /* LandmarkDetail.swift in Sources */,
				591BC50925F9CC45000AE0F4 /* BadgeBackground.swift in Sources */,
				59B2FA9E2604154700FD770C /* HikeView.swift in Sources */,
				5969F5732621E9E900BFAF2D /* PageViewController.swift in Sources */,
				591A6E8625F58AC500E8607C /* CircleImage.swift in Sources */,
				59E132BA2605722B00B2C611 /* HikeBadge.swift in Sources */,
				591A6E9225F5B75400E8607C /* Landmark.swift in Sources */,
				599412DE25F5BC1E00558BB6 /* LandmarkRow.swift in Sources */,
				599412DA25F5BB2A00558BB6 /* ModelData.swift in Sources */,
				59B2FAA02604154700FD770C /* HikeDetail.swift in Sources */,
			);
			runOnlyForDeploymentPostprocessing = 0;
		};
		594E49DF26220F0900CC1882 /* Sources */ = {
			isa = PBXSourcesBuildPhase;
			buildActionMask = 2147483647;
			files = (
				594E49ED26220F0900CC1882 /* NotificationController.swift in Sources */,
				594E4A182622179100CC1882 /* LandmarkRow.swift in Sources */,
				594E4A112622179100CC1882 /* MapView.swift in Sources */,
				594E4A0E2622179100CC1882 /* Profile.swift in Sources */,
				594E4A5C262230DA00CC1882 /* LandmarkList.swift in Sources */,
				594E4A152622179100CC1882 /* LandmarksApp.swift in Sources */,
				594E49EB26220F0900CC1882 /* ContentView.swift in Sources */,
				594E4A1D262218EA00CC1882 /* LandmarkDetail.swift in Sources */,
				594E4A102622179100CC1882 /* Hike.swift in Sources */,
				594E4A142622179100CC1882 /* Landmark.swift in Sources */,
				594E4A0D2622179100CC1882 /* ModelData.swift in Sources */,
				594E4A162622179100CC1882 /* CircleImage.swift in Sources */,
				594E49F126220F0900CC1882 /* ComplicationController.swift in Sources */,
				594E49EF26220F0900CC1882 /* NotificationView.swift in Sources */,
			);
			runOnlyForDeploymentPostprocessing = 0;
		};
		594E4A24262225A600CC1882 /* Sources */ = {
			isa = PBXSourcesBuildPhase;
			buildActionMask = 2147483647;
			files = (
				594E4A2D262225A600CC1882 /* ContentView.swift in Sources */,
				594E4A41262226FE00CC1882 /* Profile.swift in Sources */,
				594E4A7526223F7300CC1882 /* LandmarkSettings.swift in Sources */,
				594E4A42262226FE00CC1882 /* LandmarkRow.swift in Sources */,
				594E4A45262226FE00CC1882 /* Hike.swift in Sources */,
				594E4A6B2622387700CC1882 /* LandmarkCommands.swift in Sources */,
				594E4A522622290500CC1882 /* LandmarkDetail.swift in Sources */,
				594E4A4A262226FE00CC1882 /* LandmarksApp.swift in Sources */,
				594E4A40262226FE00CC1882 /* MapView.swift in Sources */,
				594E4A46262226FE00CC1882 /* ModelData.swift in Sources */,
				594E4A43262226FE00CC1882 /* LandmarkList.swift in Sources */,
				594E4A44262226FE00CC1882 /* CircleImage.swift in Sources */,
				594E4A4C262226FE00CC1882 /* FavoriteButton.swift in Sources */,
				594E4A4B262226FE00CC1882 /* Landmark.swift in Sources */,
			);
			runOnlyForDeploymentPostprocessing = 0;
		};
/* End PBXSourcesBuildPhase section */

/* Begin PBXTargetDependency section */
		594E49E626220F0900CC1882 /* PBXTargetDependency */ = {
			isa = PBXTargetDependency;
			target = 594E49E226220F0900CC1882 /* WatchLandmarks Extension */;
			targetProxy = 594E49E526220F0900CC1882 /* PBXContainerItemProxy */;
		};
		594E49FA26220F0900CC1882 /* PBXTargetDependency */ = {
			isa = PBXTargetDependency;
			target = 594E49D926220F0800CC1882 /* WatchLandmarks */;
			targetProxy = 594E49F926220F0900CC1882 /* PBXContainerItemProxy */;
		};
/* End PBXTargetDependency section */

/* Begin XCBuildConfiguration section */
		591A6E7F25F5799C00E8607C /* Debug */ = {
			isa = XCBuildConfiguration;
			buildSettings = {
				ALWAYS_SEARCH_USER_PATHS = NO;
				CLANG_ANALYZER_NONNULL = YES;
				CLANG_ANALYZER_NUMBER_OBJECT_CONVERSION = YES_AGGRESSIVE;
				CLANG_CXX_LANGUAGE_STANDARD = "gnu++14";
				CLANG_CXX_LIBRARY = "libc++";
				CLANG_ENABLE_MODULES = YES;
				CLANG_ENABLE_OBJC_ARC = YES;
				CLANG_ENABLE_OBJC_WEAK = YES;
				CLANG_WARN_BLOCK_CAPTURE_AUTORELEASING = YES;
				CLANG_WARN_BOOL_CONVERSION = YES;
				CLANG_WARN_COMMA = YES;
				CLANG_WARN_CONSTANT_CONVERSION = YES;
				CLANG_WARN_DEPRECATED_OBJC_IMPLEMENTATIONS = YES;
				CLANG_WARN_DIRECT_OBJC_ISA_USAGE = YES_ERROR;
				CLANG_WARN_DOCUMENTATION_COMMENTS = YES;
				CLANG_WARN_EMPTY_BODY = YES;
				CLANG_WARN_ENUM_CONVERSION = YES;
				CLANG_WARN_INFINITE_RECURSION = YES;
				CLANG_WARN_INT_CONVERSION = YES;
				CLANG_WARN_NON_LITERAL_NULL_CONVERSION = YES;
				CLANG_WARN_OBJC_IMPLICIT_RETAIN_SELF = YES;
				CLANG_WARN_OBJC_LITERAL_CONVERSION = YES;
				CLANG_WARN_OBJC_ROOT_CLASS = YES_ERROR;
				CLANG_WARN_QUOTED_INCLUDE_IN_FRAMEWORK_HEADER = YES;
				CLANG_WARN_RANGE_LOOP_ANALYSIS = YES;
				CLANG_WARN_STRICT_PROTOTYPES = YES;
				CLANG_WARN_SUSPICIOUS_MOVE = YES;
				CLANG_WARN_UNGUARDED_AVAILABILITY = YES_AGGRESSIVE;
				CLANG_WARN_UNREACHABLE_CODE = YES;
				CLANG_WARN__DUPLICATE_METHOD_MATCH = YES;
				COPY_PHASE_STRIP = NO;
				DEBUG_INFORMATION_FORMAT = dwarf;
				ENABLE_STRICT_OBJC_MSGSEND = YES;
				ENABLE_TESTABILITY = YES;
				GCC_C_LANGUAGE_STANDARD = gnu11;
				GCC_DYNAMIC_NO_PIC = NO;
				GCC_NO_COMMON_BLOCKS = YES;
				GCC_OPTIMIZATION_LEVEL = 0;
				GCC_PREPROCESSOR_DEFINITIONS = (
					"DEBUG=1",
					"$(inherited)",
				);
				GCC_WARN_64_TO_32_BIT_CONVERSION = YES;
				GCC_WARN_ABOUT_RETURN_TYPE = YES_ERROR;
				GCC_WARN_UNDECLARED_SELECTOR = YES;
				GCC_WARN_UNINITIALIZED_AUTOS = YES_AGGRESSIVE;
				GCC_WARN_UNUSED_FUNCTION = YES;
				GCC_WARN_UNUSED_VARIABLE = YES;
				IPHONEOS_DEPLOYMENT_TARGET = 14.4;
				MTL_ENABLE_DEBUG_INFO = INCLUDE_SOURCE;
				MTL_FAST_MATH = YES;
				ONLY_ACTIVE_ARCH = YES;
				SDKROOT = iphoneos;
				SWIFT_ACTIVE_COMPILATION_CONDITIONS = DEBUG;
				SWIFT_OPTIMIZATION_LEVEL = "-Onone";
			};
			name = Debug;
		};
		591A6E8025F5799C00E8607C /* Release */ = {
			isa = XCBuildConfiguration;
			buildSettings = {
				ALWAYS_SEARCH_USER_PATHS = NO;
				CLANG_ANALYZER_NONNULL = YES;
				CLANG_ANALYZER_NUMBER_OBJECT_CONVERSION = YES_AGGRESSIVE;
				CLANG_CXX_LANGUAGE_STANDARD = "gnu++14";
				CLANG_CXX_LIBRARY = "libc++";
				CLANG_ENABLE_MODULES = YES;
				CLANG_ENABLE_OBJC_ARC = YES;
				CLANG_ENABLE_OBJC_WEAK = YES;
				CLANG_WARN_BLOCK_CAPTURE_AUTORELEASING = YES;
				CLANG_WARN_BOOL_CONVERSION = YES;
				CLANG_WARN_COMMA = YES;
				CLANG_WARN_CONSTANT_CONVERSION = YES;
				CLANG_WARN_DEPRECATED_OBJC_IMPLEMENTATIONS = YES;
				CLANG_WARN_DIRECT_OBJC_ISA_USAGE = YES_ERROR;
				CLANG_WARN_DOCUMENTATION_COMMENTS = YES;
				CLANG_WARN_EMPTY_BODY = YES;
				CLANG_WARN_ENUM_CONVERSION = YES;
				CLANG_WARN_INFINITE_RECURSION = YES;
				CLANG_WARN_INT_CONVERSION = YES;
				CLANG_WARN_NON_LITERAL_NULL_CONVERSION = YES;
				CLANG_WARN_OBJC_IMPLICIT_RETAIN_SELF = YES;
				CLANG_WARN_OBJC_LITERAL_CONVERSION = YES;
				CLANG_WARN_OBJC_ROOT_CLASS = YES_ERROR;
				CLANG_WARN_QUOTED_INCLUDE_IN_FRAMEWORK_HEADER = YES;
				CLANG_WARN_RANGE_LOOP_ANALYSIS = YES;
				CLANG_WARN_STRICT_PROTOTYPES = YES;
				CLANG_WARN_SUSPICIOUS_MOVE = YES;
				CLANG_WARN_UNGUARDED_AVAILABILITY = YES_AGGRESSIVE;
				CLANG_WARN_UNREACHABLE_CODE = YES;
				CLANG_WARN__DUPLICATE_METHOD_MATCH = YES;
				COPY_PHASE_STRIP = NO;
				DEBUG_INFORMATION_FORMAT = "dwarf-with-dsym";
				ENABLE_NS_ASSERTIONS = NO;
				ENABLE_STRICT_OBJC_MSGSEND = YES;
				GCC_C_LANGUAGE_STANDARD = gnu11;
				GCC_NO_COMMON_BLOCKS = YES;
				GCC_WARN_64_TO_32_BIT_CONVERSION = YES;
				GCC_WARN_ABOUT_RETURN_TYPE = YES_ERROR;
				GCC_WARN_UNDECLARED_SELECTOR = YES;
				GCC_WARN_UNINITIALIZED_AUTOS = YES_AGGRESSIVE;
				GCC_WARN_UNUSED_FUNCTION = YES;
				GCC_WARN_UNUSED_VARIABLE = YES;
				IPHONEOS_DEPLOYMENT_TARGET = 14.4;
				MTL_ENABLE_DEBUG_INFO = NO;
				MTL_FAST_MATH = YES;
				SDKROOT = iphoneos;
				SWIFT_COMPILATION_MODE = wholemodule;
				SWIFT_OPTIMIZATION_LEVEL = "-O";
				VALIDATE_PRODUCT = YES;
			};
			name = Release;
		};
		591A6E8225F5799C00E8607C /* Debug */ = {
			isa = XCBuildConfiguration;
			buildSettings = {
				ASSETCATALOG_COMPILER_APPICON_NAME = AppIcon;
				ASSETCATALOG_COMPILER_GLOBAL_ACCENT_COLOR_NAME = AccentColor;
				CODE_SIGN_STYLE = Automatic;
				DEVELOPMENT_ASSET_PATHS = "\"Landmarks/Preview Content\"";
				DEVELOPMENT_TEAM = S7TYYXV76U;
				ENABLE_PREVIEWS = YES;
				INFOPLIST_FILE = Landmarks/Info.plist;
				IPHONEOS_DEPLOYMENT_TARGET = 14.0;
				LD_RUNPATH_SEARCH_PATHS = (
					"$(inherited)",
					"@executable_path/Frameworks",
				);
				PRODUCT_BUNDLE_IDENTIFIER = br.dev.valmirt.Landmarks;
				PRODUCT_NAME = "$(TARGET_NAME)";
				SWIFT_VERSION = 5.0;
				TARGETED_DEVICE_FAMILY = "1,2";
			};
			name = Debug;
		};
		591A6E8325F5799C00E8607C /* Release */ = {
			isa = XCBuildConfiguration;
			buildSettings = {
				ASSETCATALOG_COMPILER_APPICON_NAME = AppIcon;
				ASSETCATALOG_COMPILER_GLOBAL_ACCENT_COLOR_NAME = AccentColor;
				CODE_SIGN_STYLE = Automatic;
				DEVELOPMENT_ASSET_PATHS = "\"Landmarks/Preview Content\"";
				DEVELOPMENT_TEAM = S7TYYXV76U;
				ENABLE_PREVIEWS = YES;
				INFOPLIST_FILE = Landmarks/Info.plist;
				IPHONEOS_DEPLOYMENT_TARGET = 14.0;
				LD_RUNPATH_SEARCH_PATHS = (
					"$(inherited)",
					"@executable_path/Frameworks",
				);
				PRODUCT_BUNDLE_IDENTIFIER = br.dev.valmirt.Landmarks;
				PRODUCT_NAME = "$(TARGET_NAME)";
				SWIFT_VERSION = 5.0;
				TARGETED_DEVICE_FAMILY = "1,2";
			};
			name = Release;
		};
		594E49FD26220F0900CC1882 /* Debug */ = {
			isa = XCBuildConfiguration;
			buildSettings = {
				ALWAYS_EMBED_SWIFT_STANDARD_LIBRARIES = YES;
				ASSETCATALOG_COMPILER_APPICON_NAME = AppIcon;
				ASSETCATALOG_COMPILER_GLOBAL_ACCENT_COLOR_NAME = AccentColor;
				CODE_SIGN_STYLE = Automatic;
				DEVELOPMENT_TEAM = S7TYYXV76U;
				IBSC_MODULE = WatchLandmarks_Extension;
				INFOPLIST_FILE = WatchLandmarks/Info.plist;
				PRODUCT_BUNDLE_IDENTIFIER = br.dev.valmirt.Landmarks.watchkitapp;
				PRODUCT_NAME = "$(TARGET_NAME)";
				SDKROOT = watchos;
				SKIP_INSTALL = YES;
				SWIFT_VERSION = 5.0;
				TARGETED_DEVICE_FAMILY = 4;
				WATCHOS_DEPLOYMENT_TARGET = 7.2;
			};
			name = Debug;
		};
		594E49FE26220F0900CC1882 /* Release */ = {
			isa = XCBuildConfiguration;
			buildSettings = {
				ALWAYS_EMBED_SWIFT_STANDARD_LIBRARIES = YES;
				ASSETCATALOG_COMPILER_APPICON_NAME = AppIcon;
				ASSETCATALOG_COMPILER_GLOBAL_ACCENT_COLOR_NAME = AccentColor;
				CODE_SIGN_STYLE = Automatic;
				DEVELOPMENT_TEAM = S7TYYXV76U;
				IBSC_MODULE = WatchLandmarks_Extension;
				INFOPLIST_FILE = WatchLandmarks/Info.plist;
				PRODUCT_BUNDLE_IDENTIFIER = br.dev.valmirt.Landmarks.watchkitapp;
				PRODUCT_NAME = "$(TARGET_NAME)";
				SDKROOT = watchos;
				SKIP_INSTALL = YES;
				SWIFT_VERSION = 5.0;
				TARGETED_DEVICE_FAMILY = 4;
				WATCHOS_DEPLOYMENT_TARGET = 7.2;
			};
			name = Release;
		};
		594E4A0026220F0900CC1882 /* Debug */ = {
			isa = XCBuildConfiguration;
			buildSettings = {
				ASSETCATALOG_COMPILER_COMPLICATION_NAME = Complication;
				CODE_SIGN_STYLE = Automatic;
				DEVELOPMENT_ASSET_PATHS = "\"WatchLandmarks Extension/Preview Content\"";
				ENABLE_PREVIEWS = YES;
				INFOPLIST_FILE = "WatchLandmarks Extension/Info.plist";
				LD_RUNPATH_SEARCH_PATHS = (
					"$(inherited)",
					"@executable_path/Frameworks",
					"@executable_path/../../Frameworks",
				);
				PRODUCT_BUNDLE_IDENTIFIER = br.dev.valmirt.Landmarks.watchkitapp.watchkitextension;
				PRODUCT_NAME = "${TARGET_NAME}";
				SDKROOT = watchos;
				SKIP_INSTALL = YES;
				SWIFT_VERSION = 5.0;
				TARGETED_DEVICE_FAMILY = 4;
				WATCHOS_DEPLOYMENT_TARGET = 7.2;
			};
			name = Debug;
		};
		594E4A0126220F0900CC1882 /* Release */ = {
			isa = XCBuildConfiguration;
			buildSettings = {
				ASSETCATALOG_COMPILER_COMPLICATION_NAME = Complication;
				CODE_SIGN_STYLE = Automatic;
				DEVELOPMENT_ASSET_PATHS = "\"WatchLandmarks Extension/Preview Content\"";
				ENABLE_PREVIEWS = YES;
				INFOPLIST_FILE = "WatchLandmarks Extension/Info.plist";
				LD_RUNPATH_SEARCH_PATHS = (
					"$(inherited)",
					"@executable_path/Frameworks",
					"@executable_path/../../Frameworks",
				);
				PRODUCT_BUNDLE_IDENTIFIER = br.dev.valmirt.Landmarks.watchkitapp.watchkitextension;
				PRODUCT_NAME = "${TARGET_NAME}";
				SDKROOT = watchos;
				SKIP_INSTALL = YES;
				SWIFT_VERSION = 5.0;
				TARGETED_DEVICE_FAMILY = 4;
				WATCHOS_DEPLOYMENT_TARGET = 7.2;
			};
			name = Release;
		};
		594E4A36262225A700CC1882 /* Debug */ = {
			isa = XCBuildConfiguration;
			buildSettings = {
				ASSETCATALOG_COMPILER_APPICON_NAME = AppIcon;
				ASSETCATALOG_COMPILER_GLOBAL_ACCENT_COLOR_NAME = AccentColor;
				CODE_SIGN_ENTITLEMENTS = MacLandmarks/MacLandmarks.entitlements;
				CODE_SIGN_STYLE = Automatic;
				COMBINE_HIDPI_IMAGES = YES;
				DEVELOPMENT_ASSET_PATHS = "\"MacLandmarks/Preview Content\"";
				ENABLE_PREVIEWS = YES;
				INFOPLIST_FILE = MacLandmarks/Info.plist;
				LD_RUNPATH_SEARCH_PATHS = (
					"$(inherited)",
					"@executable_path/../Frameworks",
				);
				MACOSX_DEPLOYMENT_TARGET = 11.1;
				PRODUCT_BUNDLE_IDENTIFIER = br.dev.valmirt.Landmarks.MacLandmarks;
				PRODUCT_NAME = "$(TARGET_NAME)";
				SDKROOT = macosx;
				SWIFT_VERSION = 5.0;
			};
			name = Debug;
		};
		594E4A37262225A700CC1882 /* Release */ = {
			isa = XCBuildConfiguration;
			buildSettings = {
				ASSETCATALOG_COMPILER_APPICON_NAME = AppIcon;
				ASSETCATALOG_COMPILER_GLOBAL_ACCENT_COLOR_NAME = AccentColor;
				CODE_SIGN_ENTITLEMENTS = MacLandmarks/MacLandmarks.entitlements;
				CODE_SIGN_STYLE = Automatic;
				COMBINE_HIDPI_IMAGES = YES;
				DEVELOPMENT_ASSET_PATHS = "\"MacLandmarks/Preview Content\"";
				ENABLE_PREVIEWS = YES;
				INFOPLIST_FILE = MacLandmarks/Info.plist;
				LD_RUNPATH_SEARCH_PATHS = (
					"$(inherited)",
					"@executable_path/../Frameworks",
				);
				MACOSX_DEPLOYMENT_TARGET = 11.1;
				PRODUCT_BUNDLE_IDENTIFIER = br.dev.valmirt.Landmarks.MacLandmarks;
				PRODUCT_NAME = "$(TARGET_NAME)";
				SDKROOT = macosx;
				SWIFT_VERSION = 5.0;
			};
			name = Release;
		};
/* End XCBuildConfiguration section */

/* Begin XCConfigurationList section */
		591A6E6D25F5799A00E8607C /* Build configuration list for PBXProject "Landmarks" */ = {
			isa = XCConfigurationList;
			buildConfigurations = (
				591A6E7F25F5799C00E8607C /* Debug */,
				591A6E8025F5799C00E8607C /* Release */,
			);
			defaultConfigurationIsVisible = 0;
			defaultConfigurationName = Release;
		};
		591A6E8125F5799C00E8607C /* Build configuration list for PBXNativeTarget "Landmarks" */ = {
			isa = XCConfigurationList;
			buildConfigurations = (
				591A6E8225F5799C00E8607C /* Debug */,
				591A6E8325F5799C00E8607C /* Release */,
			);
			defaultConfigurationIsVisible = 0;
			defaultConfigurationName = Release;
		};
		594E4A0226220F0900CC1882 /* Build configuration list for PBXNativeTarget "WatchLandmarks Extension" */ = {
			isa = XCConfigurationList;
			buildConfigurations = (
				594E4A0026220F0900CC1882 /* Debug */,
				594E4A0126220F0900CC1882 /* Release */,
			);
			defaultConfigurationIsVisible = 0;
			defaultConfigurationName = Release;
		};
		594E4A0326220F0900CC1882 /* Build configuration list for PBXNativeTarget "WatchLandmarks" */ = {
			isa = XCConfigurationList;
			buildConfigurations = (
				594E49FD26220F0900CC1882 /* Debug */,
				594E49FE26220F0900CC1882 /* Release */,
			);
			defaultConfigurationIsVisible = 0;
			defaultConfigurationName = Release;
		};
		594E4A35262225A700CC1882 /* Build configuration list for PBXNativeTarget "MacLandmarks" */ = {
			isa = XCConfigurationList;
			buildConfigurations = (
				594E4A36262225A700CC1882 /* Debug */,
				594E4A37262225A700CC1882 /* Release */,
			);
			defaultConfigurationIsVisible = 0;
			defaultConfigurationName = Release;
		};
/* End XCConfigurationList section */
	};
	rootObject = 591A6E6A25F5799A00E8607C /* Project object */;
}
