// !$*UTF8*$!
{
	archiveVersion = 1;
	classes = {
	};
	objectVersion = 50;
	objects = {

/* Begin PBXBuildFile section */
		59150EE1260427A300215B7C /* CategoryHome.swift in Sources */ = {isa = PBXBuildFile; fileRef = 59150EE0260427A300215B7C /* CategoryHome.swift */; };
		59150EE426042D9100215B7C /* CategoryRow.swift in Sources */ = {isa = PBXBuildFile; fileRef = 59150EE326042D9100215B7C /* CategoryRow.swift */; };
		59150EE726042EEB00215B7C /* CategoryItem.swift in Sources */ = {isa = PBXBuildFile; fileRef = 59150EE626042EEB00215B7C /* CategoryItem.swift */; };
		591A6E7625F5799A00E8607C /* LandmarksApp.swift in Sources */ = {isa = PBXBuildFile; fileRef = 591A6E7525F5799A00E8607C /* LandmarksApp.swift */; };
		591A6E7825F5799A00E8607C /* ContentView.swift in Sources */ = {isa = PBXBuildFile; fileRef = 591A6E7725F5799A00E8607C /* ContentView.swift */; };
		591A6E7A25F5799C00E8607C /* Assets.xcassets in Resources */ = {isa = PBXBuildFile; fileRef = 591A6E7925F5799C00E8607C /* Assets.xcassets */; };
		591A6E7D25F5799C00E8607C /* Preview Assets.xcassets in Resources */ = {isa = PBXBuildFile; fileRef = 591A6E7C25F5799C00E8607C /* Preview Assets.xcassets */; };
		591A6E8625F58AC500E8607C /* CircleImage.swift in Sources */ = {isa = PBXBuildFile; fileRef = 591A6E8525F58AC500E8607C /* CircleImage.swift */; };
		591A6E8A25F58E5A00E8607C /* MapView.swift in Sources */ = {isa = PBXBuildFile; fileRef = 591A6E8925F58E5A00E8607C /* MapView.swift */; };
		591A6E9225F5B75400E8607C /* Landmark.swift in Sources */ = {isa = PBXBuildFile; fileRef = 591A6E9125F5B75400E8607C /* Landmark.swift */; };
		591A6E9525F5B8C900E8607C /* landmarkData.json in Resources */ = {isa = PBXBuildFile; fileRef = 591A6E9425F5B8C900E8607C /* landmarkData.json */; };
		591BC50225F9CA21000AE0F4 /* HexagonParameters.swift in Sources */ = {isa = PBXBuildFile; fileRef = 591BC50125F9CA21000AE0F4 /* HexagonParameters.swift */; };
		591BC50925F9CC45000AE0F4 /* BadgeBackground.swift in Sources */ = {isa = PBXBuildFile; fileRef = 591BC50825F9CC45000AE0F4 /* BadgeBackground.swift */; };
		591BC50C25F9D09D000AE0F4 /* BadgeSymbol.swift in Sources */ = {isa = PBXBuildFile; fileRef = 591BC50B25F9D09D000AE0F4 /* BadgeSymbol.swift */; };
		591BC51025F9D1A7000AE0F4 /* RotatedBadgeSymbol.swift in Sources */ = {isa = PBXBuildFile; fileRef = 591BC50F25F9D1A7000AE0F4 /* RotatedBadgeSymbol.swift */; };
		591BC51425F9D21D000AE0F4 /* Badge.swift in Sources */ = {isa = PBXBuildFile; fileRef = 591BC51325F9D21D000AE0F4 /* Badge.swift */; };
		591F024B25F9C07B00BEEBE8 /* FavoriteButton.swift in Sources */ = {isa = PBXBuildFile; fileRef = 591F024A25F9C07B00BEEBE8 /* FavoriteButton.swift */; };
		5920E46126056D1900B9AE05 /* Profile.swift in Sources */ = {isa = PBXBuildFile; fileRef = 5920E46026056D1900B9AE05 /* Profile.swift */; };
		5969F5732621E9E900BFAF2D /* PageViewController.swift in Sources */ = {isa = PBXBuildFile; fileRef = 5969F5722621E9E900BFAF2D /* PageViewController.swift */; };
		5969F5782621EC6800BFAF2D /* FeatureCard.swift in Sources */ = {isa = PBXBuildFile; fileRef = 5969F5772621EC6800BFAF2D /* FeatureCard.swift */; };
		5969F57B2621F07600BFAF2D /* PageView.swift in Sources */ = {isa = PBXBuildFile; fileRef = 5969F57A2621F07600BFAF2D /* PageView.swift */; };
		5980676B26056EDB00885A7D /* ProfileHost.swift in Sources */ = {isa = PBXBuildFile; fileRef = 5980676A26056EDB00885A7D /* ProfileHost.swift */; };
		599412DA25F5BB2A00558BB6 /* ModelData.swift in Sources */ = {isa = PBXBuildFile; fileRef = 599412D925F5BB2A00558BB6 /* ModelData.swift */; };
		599412DE25F5BC1E00558BB6 /* LandmarkRow.swift in Sources */ = {isa = PBXBuildFile; fileRef = 599412DD25F5BC1E00558BB6 /* LandmarkRow.swift */; };
		599412E125F5BFF900558BB6 /* LandmarkList.swift in Sources */ = {isa = PBXBuildFile; fileRef = 599412E025F5BFF900558BB6 /* LandmarkList.swift */; };
		599412E525F5C3B900558BB6 /* LandmarkDetail.swift in Sources */ = {isa = PBXBuildFile; fileRef = 599412E425F5C3B900558BB6 /* LandmarkDetail.swift */; };
		599DBA6D2605792C002B682F /* ProfileEditor.swift in Sources */ = {isa = PBXBuildFile; fileRef = 599DBA6C2605792C002B682F /* ProfileEditor.swift */; };
		59B2FA902604133700FD770C /* hikeData.json in Resources */ = {isa = PBXBuildFile; fileRef = 59B2FA8F2604133700FD770C /* hikeData.json */; };
		59B2FA932604138400FD770C /* Hike.swift in Sources */ = {isa = PBXBuildFile; fileRef = 59B2FA922604138400FD770C /* Hike.swift */; };
		59B2FA9D2604154700FD770C /* GraphCapsule.swift in Sources */ = {isa = PBXBuildFile; fileRef = 59B2FA992604154700FD770C /* GraphCapsule.swift */; };
		59B2FA9E2604154700FD770C /* HikeView.swift in Sources */ = {isa = PBXBuildFile; fileRef = 59B2FA9A2604154700FD770C /* HikeView.swift */; };
		59B2FA9F2604154700FD770C /* HikeGraph.swift in Sources */ = {isa = PBXBuildFile; fileRef = 59B2FA9B2604154700FD770C /* HikeGraph.swift */; };
		59B2FAA02604154700FD770C /* HikeDetail.swift in Sources */ = {isa = PBXBuildFile; fileRef = 59B2FA9C2604154700FD770C /* HikeDetail.swift */; };
		59E132B72605718800B2C611 /* ProfileSummary.swift in Sources */ = {isa = PBXBuildFile; fileRef = 59E132B62605718800B2C611 /* ProfileSummary.swift */; };
		59E132BA2605722B00B2C611 /* HikeBadge.swift in Sources */ = {isa = PBXBuildFile; fileRef = 59E132B92605722B00B2C611 /* HikeBadge.swift */; };
/* End PBXBuildFile section */

/* Begin PBXFileReference section */
		59150EE0260427A300215B7C /* CategoryHome.swift */ = {isa = PBXFileReference; lastKnownFileType = sourcecode.swift; path = CategoryHome.swift; sourceTree = "<group>"; };
		59150EE326042D9100215B7C /* CategoryRow.swift */ = {isa = PBXFileReference; lastKnownFileType = sourcecode.swift; path = CategoryRow.swift; sourceTree = "<group>"; };
		59150EE626042EEB00215B7C /* CategoryItem.swift */ = {isa = PBXFileReference; lastKnownFileType = sourcecode.swift; path = CategoryItem.swift; sourceTree = "<group>"; };
		591A6E7225F5799A00E8607C /* Landmarks.app */ = {isa = PBXFileReference; explicitFileType = wrapper.application; includeInIndex = 0; path = Landmarks.app; sourceTree = BUILT_PRODUCTS_DIR; };
		591A6E7525F5799A00E8607C /* LandmarksApp.swift */ = {isa = PBXFileReference; lastKnownFileType = sourcecode.swift; path = LandmarksApp.swift; sourceTree = "<group>"; };
		591A6E7725F5799A00E8607C /* ContentView.swift */ = {isa = PBXFileReference; lastKnownFileType = sourcecode.swift; path = ContentView.swift; sourceTree = "<group>"; };
		591A6E7925F5799C00E8607C /* Assets.xcassets */ = {isa = PBXFileReference; lastKnownFileType = folder.assetcatalog; path = Assets.xcassets; sourceTree = "<group>"; };
		591A6E7C25F5799C00E8607C /* Preview Assets.xcassets */ = {isa = PBXFileReference; lastKnownFileType = folder.assetcatalog; path = "Preview Assets.xcassets"; sourceTree = "<group>"; };
		591A6E7E25F5799C00E8607C /* Info.plist */ = {isa = PBXFileReference; lastKnownFileType = text.plist.xml; path = Info.plist; sourceTree = "<group>"; };
		591A6E8525F58AC500E8607C /* CircleImage.swift */ = {isa = PBXFileReference; lastKnownFileType = sourcecode.swift; path = CircleImage.swift; sourceTree = "<group>"; };
		591A6E8925F58E5A00E8607C /* MapView.swift */ = {isa = PBXFileReference; lastKnownFileType = sourcecode.swift; path = MapView.swift; sourceTree = "<group>"; };
		591A6E9125F5B75400E8607C /* Landmark.swift */ = {isa = PBXFileReference; lastKnownFileType = sourcecode.swift; path = Landmark.swift; sourceTree = "<group>"; };
		591A6E9425F5B8C900E8607C /* landmarkData.json */ = {isa = PBXFileReference; fileEncoding = 4; lastKnownFileType = text.json; path = landmarkData.json; sourceTree = "<group>"; };
		591BC50125F9CA21000AE0F4 /* HexagonParameters.swift */ = {isa = PBXFileReference; lastKnownFileType = sourcecode.swift; path = HexagonParameters.swift; sourceTree = "<group>"; };
		591BC50825F9CC45000AE0F4 /* BadgeBackground.swift */ = {isa = PBXFileReference; lastKnownFileType = sourcecode.swift; path = BadgeBackground.swift; sourceTree = "<group>"; };
		591BC50B25F9D09D000AE0F4 /* BadgeSymbol.swift */ = {isa = PBXFileReference; lastKnownFileType = sourcecode.swift; path = BadgeSymbol.swift; sourceTree = "<group>"; };
		591BC50F25F9D1A7000AE0F4 /* RotatedBadgeSymbol.swift */ = {isa = PBXFileReference; lastKnownFileType = sourcecode.swift; path = RotatedBadgeSymbol.swift; sourceTree = "<group>"; };
		591BC51325F9D21D000AE0F4 /* Badge.swift */ = {isa = PBXFileReference; lastKnownFileType = sourcecode.swift; path = Badge.swift; sourceTree = "<group>"; };
		591F024A25F9C07B00BEEBE8 /* FavoriteButton.swift */ = {isa = PBXFileReference; lastKnownFileType = sourcecode.swift; path = FavoriteButton.swift; sourceTree = "<group>"; };
		5920E46026056D1900B9AE05 /* Profile.swift */ = {isa = PBXFileReference; lastKnownFileType = sourcecode.swift; path = Profile.swift; sourceTree = "<group>"; };
		5969F5722621E9E900BFAF2D /* PageViewController.swift */ = {isa = PBXFileReference; lastKnownFileType = sourcecode.swift; path = PageViewController.swift; sourceTree = "<group>"; };
		5969F5772621EC6800BFAF2D /* FeatureCard.swift */ = {isa = PBXFileReference; lastKnownFileType = sourcecode.swift; path = FeatureCard.swift; sourceTree = "<group>"; };
		5969F57A2621F07600BFAF2D /* PageView.swift */ = {isa = PBXFileReference; lastKnownFileType = sourcecode.swift; path = PageView.swift; sourceTree = "<group>"; };
		5980676A26056EDB00885A7D /* ProfileHost.swift */ = {isa = PBXFileReference; lastKnownFileType = sourcecode.swift; path = ProfileHost.swift; sourceTree = "<group>"; };
		599412D925F5BB2A00558BB6 /* ModelData.swift */ = {isa = PBXFileReference; lastKnownFileType = sourcecode.swift; path = ModelData.swift; sourceTree = "<group>"; };
		599412DD25F5BC1E00558BB6 /* LandmarkRow.swift */ = {isa = PBXFileReference; lastKnownFileType = sourcecode.swift; path = LandmarkRow.swift; sourceTree = "<group>"; };
		599412E025F5BFF900558BB6 /* LandmarkList.swift */ = {isa = PBXFileReference; lastKnownFileType = sourcecode.swift; path = LandmarkList.swift; sourceTree = "<group>"; };
		599412E425F5C3B900558BB6 /* LandmarkDetail.swift */ = {isa = PBXFileReference; lastKnownFileType = sourcecode.swift; path = LandmarkDetail.swift; sourceTree = "<group>"; };
		599DBA6C2605792C002B682F /* ProfileEditor.swift */ = {isa = PBXFileReference; lastKnownFileType = sourcecode.swift; path = ProfileEditor.swift; sourceTree = "<group>"; };
		59B2FA8F2604133700FD770C /* hikeData.json */ = {isa = PBXFileReference; fileEncoding = 4; lastKnownFileType = text.json; path = hikeData.json; sourceTree = "<group>"; };
		59B2FA922604138400FD770C /* Hike.swift */ = {isa = PBXFileReference; lastKnownFileType = sourcecode.swift; path = Hike.swift; sourceTree = "<group>"; };
		59B2FA992604154700FD770C /* GraphCapsule.swift */ = {isa = PBXFileReference; fileEncoding = 4; lastKnownFileType = sourcecode.swift; path = GraphCapsule.swift; sourceTree = "<group>"; };
		59B2FA9A2604154700FD770C /* HikeView.swift */ = {isa = PBXFileReference; fileEncoding = 4; lastKnownFileType = sourcecode.swift; path = HikeView.swift; sourceTree = "<group>"; };
		59B2FA9B2604154700FD770C /* HikeGraph.swift */ = {isa = PBXFileReference; fileEncoding = 4; lastKnownFileType = sourcecode.swift; path = HikeGraph.swift; sourceTree = "<group>"; };
		59B2FA9C2604154700FD770C /* HikeDetail.swift */ = {isa = PBXFileReference; fileEncoding = 4; lastKnownFileType = sourcecode.swift; path = HikeDetail.swift; sourceTree = "<group>"; };
		59E132B62605718800B2C611 /* ProfileSummary.swift */ = {isa = PBXFileReference; lastKnownFileType = sourcecode.swift; path = ProfileSummary.swift; sourceTree = "<group>"; };
		59E132B92605722B00B2C611 /* HikeBadge.swift */ = {isa = PBXFileReference; lastKnownFileType = sourcecode.swift; path = HikeBadge.swift; sourceTree = "<group>"; };
/* End PBXFileReference section */

/* Begin PBXFrameworksBuildPhase section */
		591A6E6F25F5799A00E8607C /* Frameworks */ = {
			isa = PBXFrameworksBuildPhase;
			buildActionMask = 2147483647;
			files = (
			);
			runOnlyForDeploymentPostprocessing = 0;
		};
/* End PBXFrameworksBuildPhase section */

/* Begin PBXGroup section */
		59150EDF2604278400215B7C /* Categories */ = {
			isa = PBXGroup;
			children = (
				59150EE0260427A300215B7C /* CategoryHome.swift */,
				59150EE326042D9100215B7C /* CategoryRow.swift */,
				59150EE626042EEB00215B7C /* CategoryItem.swift */,
			);
			path = Categories;
			sourceTree = "<group>";
		};
		591A6E6925F5799A00E8607C = {
			isa = PBXGroup;
			children = (
				591A6E7425F5799A00E8607C /* Landmarks */,
				591A6E7325F5799A00E8607C /* Products */,
			);
			sourceTree = "<group>";
		};
		591A6E7325F5799A00E8607C /* Products */ = {
			isa = PBXGroup;
			children = (
				591A6E7225F5799A00E8607C /* Landmarks.app */,
			);
			name = Products;
			sourceTree = "<group>";
		};
		591A6E7425F5799A00E8607C /* Landmarks */ = {
			isa = PBXGroup;
			children = (
				5976590225F5D1E300F8A974 /* Model */,
				599412DC25F5BB8800558BB6 /* View */,
				591A6E7525F5799A00E8607C /* LandmarksApp.swift */,
				591A6E7925F5799C00E8607C /* Assets.xcassets */,
				591A6E7E25F5799C00E8607C /* Info.plist */,
				591A6E7B25F5799C00E8607C /* Preview Content */,
			);
			path = Landmarks;
			sourceTree = "<group>";
		};
		591A6E7B25F5799C00E8607C /* Preview Content */ = {
			isa = PBXGroup;
			children = (
				591A6E7C25F5799C00E8607C /* Preview Assets.xcassets */,
			);
			path = "Preview Content";
			sourceTree = "<group>";
		};
		591BC51625F9D2F1000AE0F4 /* Badges */ = {
			isa = PBXGroup;
			children = (
				591BC50F25F9D1A7000AE0F4 /* RotatedBadgeSymbol.swift */,
				591BC50B25F9D09D000AE0F4 /* BadgeSymbol.swift */,
				591BC50825F9CC45000AE0F4 /* BadgeBackground.swift */,
				591BC51325F9D21D000AE0F4 /* Badge.swift */,
				591BC50125F9CA21000AE0F4 /* HexagonParameters.swift */,
			);
			path = Badges;
			sourceTree = "<group>";
		};
		591F024D25F9C10A00BEEBE8 /* Helpers */ = {
			isa = PBXGroup;
			children = (
				591F024A25F9C07B00BEEBE8 /* FavoriteButton.swift */,
				591A6E8525F58AC500E8607C /* CircleImage.swift */,
				591A6E8925F58E5A00E8607C /* MapView.swift */,
			);
			path = Helpers;
			sourceTree = "<group>";
		};
		591F024E25F9C16700BEEBE8 /* Landmarks */ = {
			isa = PBXGroup;
			children = (
				599412DD25F5BC1E00558BB6 /* LandmarkRow.swift */,
				599412E425F5C3B900558BB6 /* LandmarkDetail.swift */,
				599412E025F5BFF900558BB6 /* LandmarkList.swift */,
			);
			path = Landmarks;
			sourceTree = "<group>";
		};
		5969F5712621E9D200BFAF2D /* PageView */ = {
			isa = PBXGroup;
			children = (
				5969F5722621E9E900BFAF2D /* PageViewController.swift */,
				5969F5772621EC6800BFAF2D /* FeatureCard.swift */,
				5969F57A2621F07600BFAF2D /* PageView.swift */,
			);
			path = PageView;
			sourceTree = "<group>";
		};
		5976590225F5D1E300F8A974 /* Model */ = {
			isa = PBXGroup;
			children = (
				591A6E9425F5B8C900E8607C /* landmarkData.json */,
				59B2FA8F2604133700FD770C /* hikeData.json */,
				591A6E9125F5B75400E8607C /* Landmark.swift */,
				599412D925F5BB2A00558BB6 /* ModelData.swift */,
				59B2FA922604138400FD770C /* Hike.swift */,
				5920E46026056D1900B9AE05 /* Profile.swift */,
			);
			path = Model;
			sourceTree = "<group>";
		};
		5980676926056EB500885A7D /* Profile */ = {
			isa = PBXGroup;
			children = (
				5980676A26056EDB00885A7D /* ProfileHost.swift */,
				59E132B62605718800B2C611 /* ProfileSummary.swift */,
				599DBA6C2605792C002B682F /* ProfileEditor.swift */,
			);
			path = Profile;
			sourceTree = "<group>";
		};
		599412DC25F5BB8800558BB6 /* View */ = {
			isa = PBXGroup;
			children = (
				591A6E7725F5799A00E8607C /* ContentView.swift */,
				5980676926056EB500885A7D /* Profile */,
				59150EDF2604278400215B7C /* Categories */,
				59B2FA982604153A00FD770C /* Hikes */,
				591BC51625F9D2F1000AE0F4 /* Badges */,
				591F024D25F9C10A00BEEBE8 /* Helpers */,
				591F024E25F9C16700BEEBE8 /* Landmarks */,
				5969F5712621E9D200BFAF2D /* PageView */,
			);
			path = View;
			sourceTree = "<group>";
		};
		59B2FA982604153A00FD770C /* Hikes */ = {
			isa = PBXGroup;
			children = (
				59B2FA992604154700FD770C /* GraphCapsule.swift */,
				59B2FA9C2604154700FD770C /* HikeDetail.swift */,
				59B2FA9B2604154700FD770C /* HikeGraph.swift */,
				59B2FA9A2604154700FD770C /* HikeView.swift */,
				59E132B92605722B00B2C611 /* HikeBadge.swift */,
			);
			path = Hikes;
			sourceTree = "<group>";
		};
/* End PBXGroup section */

/* Begin PBXNativeTarget section */
		591A6E7125F5799A00E8607C /* Landmarks */ = {
			isa = PBXNativeTarget;
			buildConfigurationList = 591A6E8125F5799C00E8607C /* Build configuration list for PBXNativeTarget "Landmarks" */;
			buildPhases = (
				591A6E6E25F5799A00E8607C /* Sources */,
				591A6E6F25F5799A00E8607C /* Frameworks */,
				591A6E7025F5799A00E8607C /* Resources */,
			);
			buildRules = (
			);
			dependencies = (
			);
			name = Landmarks;
			productName = Landmarks;
			productReference = 591A6E7225F5799A00E8607C /* Landmarks.app */;
			productType = "com.apple.product-type.application";
		};
/* End PBXNativeTarget section */

/* Begin PBXProject section */
		591A6E6A25F5799A00E8607C /* Project object */ = {
			isa = PBXProject;
			attributes = {
				LastSwiftUpdateCheck = 1240;
				LastUpgradeCheck = 1240;
				TargetAttributes = {
					591A6E7125F5799A00E8607C = {
						CreatedOnToolsVersion = 12.4;
					};
				};
			};
			buildConfigurationList = 591A6E6D25F5799A00E8607C /* Build configuration list for PBXProject "Landmarks" */;
			compatibilityVersion = "Xcode 9.3";
			developmentRegion = en;
			hasScannedForEncodings = 0;
			knownRegions = (
				en,
				Base,
			);
			mainGroup = 591A6E6925F5799A00E8607C;
			productRefGroup = 591A6E7325F5799A00E8607C /* Products */;
			projectDirPath = "";
			projectRoot = "";
			targets = (
				591A6E7125F5799A00E8607C /* Landmarks */,
			);
		};
/* End PBXProject section */

/* Begin PBXResourcesBuildPhase section */
		591A6E7025F5799A00E8607C /* Resources */ = {
			isa = PBXResourcesBuildPhase;
			buildActionMask = 2147483647;
			files = (
				59B2FA902604133700FD770C /* hikeData.json in Resources */,
				591A6E7D25F5799C00E8607C /* Preview Assets.xcassets in Resources */,
				591A6E7A25F5799C00E8607C /* Assets.xcassets in Resources */,
				591A6E9525F5B8C900E8607C /* landmarkData.json in Resources */,
			);
			runOnlyForDeploymentPostprocessing = 0;
		};
/* End PBXResourcesBuildPhase section */

/* Begin PBXSourcesBuildPhase section */
		591A6E6E25F5799A00E8607C /* Sources */ = {
			isa = PBXSourcesBuildPhase;
			buildActionMask = 2147483647;
			files = (
				59150EE426042D9100215B7C /* CategoryRow.swift in Sources */,
				5920E46126056D1900B9AE05 /* Profile.swift in Sources */,
				591A6E7825F5799A00E8607C /* ContentView.swift in Sources */,
				59150EE1260427A300215B7C /* CategoryHome.swift in Sources */,
				5969F5782621EC6800BFAF2D /* FeatureCard.swift in Sources */,
				591BC51425F9D21D000AE0F4 /* Badge.swift in Sources */,
				591A6E8A25F58E5A00E8607C /* MapView.swift in Sources */,
				59B2FA9D2604154700FD770C /* GraphCapsule.swift in Sources */,
				59B2FA9F2604154700FD770C /* HikeGraph.swift in Sources */,
				591A6E7625F5799A00E8607C /* LandmarksApp.swift in Sources */,
				591F024B25F9C07B00BEEBE8 /* FavoriteButton.swift in Sources */,
				59150EE726042EEB00215B7C /* CategoryItem.swift in Sources */,
				591BC50225F9CA21000AE0F4 /* HexagonParameters.swift in Sources */,
				59E132B72605718800B2C611 /* ProfileSummary.swift in Sources */,
				59B2FA932604138400FD770C /* Hike.swift in Sources */,
				5980676B26056EDB00885A7D /* ProfileHost.swift in Sources */,
				591BC51025F9D1A7000AE0F4 /* RotatedBadgeSymbol.swift in Sources */,
				591BC50C25F9D09D000AE0F4 /* BadgeSymbol.swift in Sources */,
				5969F57B2621F07600BFAF2D /* PageView.swift in Sources */,
				599412E125F5BFF900558BB6 /* LandmarkList.swift in Sources */,
				599DBA6D2605792C002B682F /* ProfileEditor.swift in Sources */,
				599412E525F5C3B900558BB6 /* LandmarkDetail.swift in Sources */,
				591BC50925F9CC45000AE0F4 /* BadgeBackground.swift in Sources */,
				59B2FA9E2604154700FD770C /* HikeView.swift in Sources */,
				5969F5732621E9E900BFAF2D /* PageViewController.swift in Sources */,
				591A6E8625F58AC500E8607C /* CircleImage.swift in Sources */,
				59E132BA2605722B00B2C611 /* HikeBadge.swift in Sources */,
				591A6E9225F5B75400E8607C /* Landmark.swift in Sources */,
				599412DE25F5BC1E00558BB6 /* LandmarkRow.swift in Sources */,
				599412DA25F5BB2A00558BB6 /* ModelData.swift in Sources */,
				59B2FAA02604154700FD770C /* HikeDetail.swift in Sources */,
			);
			runOnlyForDeploymentPostprocessing = 0;
		};
/* End PBXSourcesBuildPhase section */

/* Begin XCBuildConfiguration section */
		591A6E7F25F5799C00E8607C /* Debug */ = {
			isa = XCBuildConfiguration;
			buildSettings = {
				ALWAYS_SEARCH_USER_PATHS = NO;
				CLANG_ANALYZER_NONNULL = YES;
				CLANG_ANALYZER_NUMBER_OBJECT_CONVERSION = YES_AGGRESSIVE;
				CLANG_CXX_LANGUAGE_STANDARD = "gnu++14";
				CLANG_CXX_LIBRARY = "libc++";
				CLANG_ENABLE_MODULES = YES;
				CLANG_ENABLE_OBJC_ARC = YES;
				CLANG_ENABLE_OBJC_WEAK = YES;
				CLANG_WARN_BLOCK_CAPTURE_AUTORELEASING = YES;
				CLANG_WARN_BOOL_CONVERSION = YES;
				CLANG_WARN_COMMA = YES;
				CLANG_WARN_CONSTANT_CONVERSION = YES;
				CLANG_WARN_DEPRECATED_OBJC_IMPLEMENTATIONS = YES;
				CLANG_WARN_DIRECT_OBJC_ISA_USAGE = YES_ERROR;
				CLANG_WARN_DOCUMENTATION_COMMENTS = YES;
				CLANG_WARN_EMPTY_BODY = YES;
				CLANG_WARN_ENUM_CONVERSION = YES;
				CLANG_WARN_INFINITE_RECURSION = YES;
				CLANG_WARN_INT_CONVERSION = YES;
				CLANG_WARN_NON_LITERAL_NULL_CONVERSION = YES;
				CLANG_WARN_OBJC_IMPLICIT_RETAIN_SELF = YES;
				CLANG_WARN_OBJC_LITERAL_CONVERSION = YES;
				CLANG_WARN_OBJC_ROOT_CLASS = YES_ERROR;
				CLANG_WARN_QUOTED_INCLUDE_IN_FRAMEWORK_HEADER = YES;
				CLANG_WARN_RANGE_LOOP_ANALYSIS = YES;
				CLANG_WARN_STRICT_PROTOTYPES = YES;
				CLANG_WARN_SUSPICIOUS_MOVE = YES;
				CLANG_WARN_UNGUARDED_AVAILABILITY = YES_AGGRESSIVE;
				CLANG_WARN_UNREACHABLE_CODE = YES;
				CLANG_WARN__DUPLICATE_METHOD_MATCH = YES;
				COPY_PHASE_STRIP = NO;
				DEBUG_INFORMATION_FORMAT = dwarf;
				ENABLE_STRICT_OBJC_MSGSEND = YES;
				ENABLE_TESTABILITY = YES;
				GCC_C_LANGUAGE_STANDARD = gnu11;
				GCC_DYNAMIC_NO_PIC = NO;
				GCC_NO_COMMON_BLOCKS = YES;
				GCC_OPTIMIZATION_LEVEL = 0;
				GCC_PREPROCESSOR_DEFINITIONS = (
					"DEBUG=1",
					"$(inherited)",
				);
				GCC_WARN_64_TO_32_BIT_CONVERSION = YES;
				GCC_WARN_ABOUT_RETURN_TYPE = YES_ERROR;
				GCC_WARN_UNDECLARED_SELECTOR = YES;
				GCC_WARN_UNINITIALIZED_AUTOS = YES_AGGRESSIVE;
				GCC_WARN_UNUSED_FUNCTION = YES;
				GCC_WARN_UNUSED_VARIABLE = YES;
				IPHONEOS_DEPLOYMENT_TARGET = 14.4;
				MTL_ENABLE_DEBUG_INFO = INCLUDE_SOURCE;
				MTL_FAST_MATH = YES;
				ONLY_ACTIVE_ARCH = YES;
				SDKROOT = iphoneos;
				SWIFT_ACTIVE_COMPILATION_CONDITIONS = DEBUG;
				SWIFT_OPTIMIZATION_LEVEL = "-Onone";
			};
			name = Debug;
		};
		591A6E8025F5799C00E8607C /* Release */ = {
			isa = XCBuildConfiguration;
			buildSettings = {
				ALWAYS_SEARCH_USER_PATHS = NO;
				CLANG_ANALYZER_NONNULL = YES;
				CLANG_ANALYZER_NUMBER_OBJECT_CONVERSION = YES_AGGRESSIVE;
				CLANG_CXX_LANGUAGE_STANDARD = "gnu++14";
				CLANG_CXX_LIBRARY = "libc++";
				CLANG_ENABLE_MODULES = YES;
				CLANG_ENABLE_OBJC_ARC = YES;
				CLANG_ENABLE_OBJC_WEAK = YES;
				CLANG_WARN_BLOCK_CAPTURE_AUTORELEASING = YES;
				CLANG_WARN_BOOL_CONVERSION = YES;
				CLANG_WARN_COMMA = YES;
				CLANG_WARN_CONSTANT_CONVERSION = YES;
				CLANG_WARN_DEPRECATED_OBJC_IMPLEMENTATIONS = YES;
				CLANG_WARN_DIRECT_OBJC_ISA_USAGE = YES_ERROR;
				CLANG_WARN_DOCUMENTATION_COMMENTS = YES;
				CLANG_WARN_EMPTY_BODY = YES;
				CLANG_WARN_ENUM_CONVERSION = YES;
				CLANG_WARN_INFINITE_RECURSION = YES;
				CLANG_WARN_INT_CONVERSION = YES;
				CLANG_WARN_NON_LITERAL_NULL_CONVERSION = YES;
				CLANG_WARN_OBJC_IMPLICIT_RETAIN_SELF = YES;
				CLANG_WARN_OBJC_LITERAL_CONVERSION = YES;
				CLANG_WARN_OBJC_ROOT_CLASS = YES_ERROR;
				CLANG_WARN_QUOTED_INCLUDE_IN_FRAMEWORK_HEADER = YES;
				CLANG_WARN_RANGE_LOOP_ANALYSIS = YES;
				CLANG_WARN_STRICT_PROTOTYPES = YES;
				CLANG_WARN_SUSPICIOUS_MOVE = YES;
				CLANG_WARN_UNGUARDED_AVAILABILITY = YES_AGGRESSIVE;
				CLANG_WARN_UNREACHABLE_CODE = YES;
				CLANG_WARN__DUPLICATE_METHOD_MATCH = YES;
				COPY_PHASE_STRIP = NO;
				DEBUG_INFORMATION_FORMAT = "dwarf-with-dsym";
				ENABLE_NS_ASSERTIONS = NO;
				ENABLE_STRICT_OBJC_MSGSEND = YES;
				GCC_C_LANGUAGE_STANDARD = gnu11;
				GCC_NO_COMMON_BLOCKS = YES;
				GCC_WARN_64_TO_32_BIT_CONVERSION = YES;
				GCC_WARN_ABOUT_RETURN_TYPE = YES_ERROR;
				GCC_WARN_UNDECLARED_SELECTOR = YES;
				GCC_WARN_UNINITIALIZED_AUTOS = YES_AGGRESSIVE;
				GCC_WARN_UNUSED_FUNCTION = YES;
				GCC_WARN_UNUSED_VARIABLE = YES;
				IPHONEOS_DEPLOYMENT_TARGET = 14.4;
				MTL_ENABLE_DEBUG_INFO = NO;
				MTL_FAST_MATH = YES;
				SDKROOT = iphoneos;
				SWIFT_COMPILATION_MODE = wholemodule;
				SWIFT_OPTIMIZATION_LEVEL = "-O";
				VALIDATE_PRODUCT = YES;
			};
			name = Release;
		};
		591A6E8225F5799C00E8607C /* Debug */ = {
			isa = XCBuildConfiguration;
			buildSettings = {
				ASSETCATALOG_COMPILER_APPICON_NAME = AppIcon;
				ASSETCATALOG_COMPILER_GLOBAL_ACCENT_COLOR_NAME = AccentColor;
				CODE_SIGN_STYLE = Automatic;
				DEVELOPMENT_ASSET_PATHS = "\"Landmarks/Preview Content\"";
				DEVELOPMENT_TEAM = S7TYYXV76U;
				ENABLE_PREVIEWS = YES;
				INFOPLIST_FILE = Landmarks/Info.plist;
				IPHONEOS_DEPLOYMENT_TARGET = 14.0;
				LD_RUNPATH_SEARCH_PATHS = (
					"$(inherited)",
					"@executable_path/Frameworks",
				);
				PRODUCT_BUNDLE_IDENTIFIER = br.dev.valmirt.Landmarks;
				PRODUCT_NAME = "$(TARGET_NAME)";
				SWIFT_VERSION = 5.0;
				TARGETED_DEVICE_FAMILY = "1,2";
			};
			name = Debug;
		};
		591A6E8325F5799C00E8607C /* Release */ = {
			isa = XCBuildConfiguration;
			buildSettings = {
				ASSETCATALOG_COMPILER_APPICON_NAME = AppIcon;
				ASSETCATALOG_COMPILER_GLOBAL_ACCENT_COLOR_NAME = AccentColor;
				CODE_SIGN_STYLE = Automatic;
				DEVELOPMENT_ASSET_PATHS = "\"Landmarks/Preview Content\"";
				DEVELOPMENT_TEAM = S7TYYXV76U;
				ENABLE_PREVIEWS = YES;
				INFOPLIST_FILE = Landmarks/Info.plist;
				IPHONEOS_DEPLOYMENT_TARGET = 14.0;
				LD_RUNPATH_SEARCH_PATHS = (
					"$(inherited)",
					"@executable_path/Frameworks",
				);
				PRODUCT_BUNDLE_IDENTIFIER = br.dev.valmirt.Landmarks;
				PRODUCT_NAME = "$(TARGET_NAME)";
				SWIFT_VERSION = 5.0;
				TARGETED_DEVICE_FAMILY = "1,2";
			};
			name = Release;
		};
/* End XCBuildConfiguration section */

/* Begin XCConfigurationList section */
		591A6E6D25F5799A00E8607C /* Build configuration list for PBXProject "Landmarks" */ = {
			isa = XCConfigurationList;
			buildConfigurations = (
				591A6E7F25F5799C00E8607C /* Debug */,
				591A6E8025F5799C00E8607C /* Release */,
			);
			defaultConfigurationIsVisible = 0;
			defaultConfigurationName = Release;
		};
		591A6E8125F5799C00E8607C /* Build configuration list for PBXNativeTarget "Landmarks" */ = {
			isa = XCConfigurationList;
			buildConfigurations = (
				591A6E8225F5799C00E8607C /* Debug */,
				591A6E8325F5799C00E8607C /* Release */,
			);
			defaultConfigurationIsVisible = 0;
			defaultConfigurationName = Release;
		};
/* End XCConfigurationList section */
	};
	rootObject = 591A6E6A25F5799A00E8607C /* Project object */;
}
